// !$*UTF8*$!
{
	archiveVersion = 1;
	classes = {
	};
	objectVersion = 46;
	objects = {

/* Begin PBXBuildFile section */
		035A76B41E5F230100B87501 /* Storyboards.swift in Sources */ = {isa = PBXBuildFile; fileRef = 035A76B31E5F230100B87501 /* Storyboards.swift */; };
		0389AF621E660CFD00DCB4C7 /* TextViewWithPlaceholder.swift in Sources */ = {isa = PBXBuildFile; fileRef = 0389AF611E660CFD00DCB4C7 /* TextViewWithPlaceholder.swift */; };
		221A8B841E685C5A004E320D /* Localizable.strings in Resources */ = {isa = PBXBuildFile; fileRef = 221A8B861E685C5A004E320D /* Localizable.strings */; };
		221A8B891E685EBF004E320D /* String+Localized.swift in Sources */ = {isa = PBXBuildFile; fileRef = 221A8B881E685EBF004E320D /* String+Localized.swift */; };
		221A8B8E1E69692D004E320D /* EventPlainObject.swift in Sources */ = {isa = PBXBuildFile; fileRef = 221A8B8D1E69692C004E320D /* EventPlainObject.swift */; };
		221A8B911E696D2F004E320D /* PlacePlainObject.swift in Sources */ = {isa = PBXBuildFile; fileRef = 221A8B901E696D2E004E320D /* PlacePlainObject.swift */; };
		221A8B931E696D4C004E320D /* EventPlainObject+Requests.swift in Sources */ = {isa = PBXBuildFile; fileRef = 221A8B921E696D4C004E320D /* EventPlainObject+Requests.swift */; };
		221A8B951E697007004E320D /* PlacePlainObject+Requests.swift in Sources */ = {isa = PBXBuildFile; fileRef = 221A8B941E697007004E320D /* PlacePlainObject+Requests.swift */; };
		221F4F9C1E5C0B6C0009FD07 /* Assets.xcassets in Resources */ = {isa = PBXBuildFile; fileRef = 221F4F871E5C0B6C0009FD07 /* Assets.xcassets */; };
		221F4F9E1E5C0B6C0009FD07 /* LaunchScreen.storyboard in Resources */ = {isa = PBXBuildFile; fileRef = 221F4F8D1E5C0B6C0009FD07 /* LaunchScreen.storyboard */; };
		2231A5351E60BA290069A179 /* Reachability.swift in Sources */ = {isa = PBXBuildFile; fileRef = 2231A5341E60BA290069A179 /* Reachability.swift */; };
		2231A53B1E60E5180069A179 /* Dictionary+HTTPBody.swift in Sources */ = {isa = PBXBuildFile; fileRef = 2231A53A1E60E5180069A179 /* Dictionary+HTTPBody.swift */; };
		224CA9DC1E65FB8300CD06D6 /* UserPlainObject.swift in Sources */ = {isa = PBXBuildFile; fileRef = 224CA9DB1E65FB8300CD06D6 /* UserPlainObject.swift */; };
		224CA9DE1E65FBA100CD06D6 /* UserPlainObject+Requests.swift in Sources */ = {isa = PBXBuildFile; fileRef = 224CA9DD1E65FBA100CD06D6 /* UserPlainObject+Requests.swift */; };
		224CA9E01E65FC7300CD06D6 /* PlainObjectType.swift in Sources */ = {isa = PBXBuildFile; fileRef = 224CA9DF1E65FC7300CD06D6 /* PlainObjectType.swift */; };
		224CA9E21E65FCA100CD06D6 /* Request.swift in Sources */ = {isa = PBXBuildFile; fileRef = 224CA9E11E65FCA100CD06D6 /* Request.swift */; };
		4D08815B1E64200B004812E5 /* DateComponents+Init.swift in Sources */ = {isa = PBXBuildFile; fileRef = 4D08815A1E64200B004812E5 /* DateComponents+Init.swift */; };
		4DA530251E5FCDB900CD74EB /* Main.storyboard in Resources */ = {isa = PBXBuildFile; fileRef = 4DA530241E5FCDB900CD74EB /* Main.storyboard */; };
		784AA39C1E65BB4F0018336C /* Utility.swift in Sources */ = {isa = PBXBuildFile; fileRef = 784AA39B1E65BB4F0018336C /* Utility.swift */; };
		784EFF931E637EA500F2E31A /* RealmController.swift in Sources */ = {isa = PBXBuildFile; fileRef = 784EFF921E637EA500F2E31A /* RealmController.swift */; };
		784EFF951E637EAE00F2E31A /* RealmSwift.framework in Embed Frameworks */ = {isa = PBXBuildFile; fileRef = 8A6268281E60742B00D51BEB /* RealmSwift.framework */; settings = {ATTRIBUTES = (CodeSignOnCopy, RemoveHeadersOnCopy, ); }; };
		78BBC9011E60FBE800DEC122 /* ProfilePictureCell.swift in Sources */ = {isa = PBXBuildFile; fileRef = 78BBC8FF1E60FBE800DEC122 /* ProfilePictureCell.swift */; };
		78BBC9021E60FBE800DEC122 /* ProfilePictureCell.xib in Resources */ = {isa = PBXBuildFile; fileRef = 78BBC9001E60FBE800DEC122 /* ProfilePictureCell.xib */; };
		78BBC9051E60FC0700DEC122 /* ProfileNameCell.swift in Sources */ = {isa = PBXBuildFile; fileRef = 78BBC9031E60FC0700DEC122 /* ProfileNameCell.swift */; };
		78BBC9061E60FC0700DEC122 /* ProfileNameCell.xib in Resources */ = {isa = PBXBuildFile; fileRef = 78BBC9041E60FC0700DEC122 /* ProfileNameCell.xib */; };
		78BBC9091E60FC2D00DEC122 /* ProfileSpeachCell.swift in Sources */ = {isa = PBXBuildFile; fileRef = 78BBC9071E60FC2D00DEC122 /* ProfileSpeachCell.swift */; };
		78BBC90A1E60FC2D00DEC122 /* ProfileSpeachCell.xib in Resources */ = {isa = PBXBuildFile; fileRef = 78BBC9081E60FC2D00DEC122 /* ProfileSpeachCell.xib */; };
		8A317A801E6AE8BE00C4798C /* ActionButton.swift in Sources */ = {isa = PBXBuildFile; fileRef = 8A317A7F1E6AE8BE00C4798C /* ActionButton.swift */; };
		8A6268291E60742B00D51BEB /* RealmSwift.framework in Frameworks */ = {isa = PBXBuildFile; fileRef = 8A6268281E60742B00D51BEB /* RealmSwift.framework */; };
		8A6268521E64568C00D51BEB /* Constants.swift in Sources */ = {isa = PBXBuildFile; fileRef = 8A6268511E64568C00D51BEB /* Constants.swift */; };
		8A6268541E64638500D51BEB /* LoginType.swift in Sources */ = {isa = PBXBuildFile; fileRef = 8A6268531E64638500D51BEB /* LoginType.swift */; };
		8A7122FD1E6F2EDA00F890E2 /* Importer.swift in Sources */ = {isa = PBXBuildFile; fileRef = 4D890B581E5EEFE00038CCC9 /* Importer.swift */; };
		8A857CFE1E6CC692002CC4C2 /* UIColor+Brightness.swift in Sources */ = {isa = PBXBuildFile; fileRef = 8A857CFD1E6CC692002CC4C2 /* UIColor+Brightness.swift */; };
		923CF19A1E68F0CA00EBBE0D /* PastEventsDisplayCollection.swift in Sources */ = {isa = PBXBuildFile; fileRef = 923CF1991E68F0CA00EBBE0D /* PastEventsDisplayCollection.swift */; };
		92D6786A1E626CCD0010F3E9 /* PastEventsViewController.swift in Sources */ = {isa = PBXBuildFile; fileRef = 92D678691E626CCD0010F3E9 /* PastEventsViewController.swift */; };
		92D6786E1E626CE80010F3E9 /* PastEventsTableViewCell.swift in Sources */ = {isa = PBXBuildFile; fileRef = 92D6786C1E626CE80010F3E9 /* PastEventsTableViewCell.swift */; };
		92D6786F1E626CE80010F3E9 /* PastEventsTableViewCell.xib in Resources */ = {isa = PBXBuildFile; fileRef = 92D6786D1E626CE80010F3E9 /* PastEventsTableViewCell.xib */; };
		9F26385F1E6B838B0081D23B /* UserPreferencesEntity.swift in Sources */ = {isa = PBXBuildFile; fileRef = 9F26385E1E6B838B0081D23B /* UserPreferencesEntity.swift */; };
		9F2638611E6B83D50081D23B /* DataModelCollection.swift in Sources */ = {isa = PBXBuildFile; fileRef = 9F2638601E6B83D50081D23B /* DataModelCollection.swift */; };
		9F2FFA211E663DE600EBCAEB /* Server.swift in Sources */ = {isa = PBXBuildFile; fileRef = 2231A5301E60B9A50069A179 /* Server.swift */; };
		9F3057A81E6CB03500B11801 /* RequestContentParser.swift in Sources */ = {isa = PBXBuildFile; fileRef = 9F2FFA1F1E66353100EBCAEB /* RequestContentParser.swift */; };
		9F6048991E5B3CCB00C414C3 /* AppDelegate.swift in Sources */ = {isa = PBXBuildFile; fileRef = 9F6048981E5B3CCB00C414C3 /* AppDelegate.swift */; };
		9F9BDABC1E6F5CBB000D9603 /* UIView+NibLoad.swift in Sources */ = {isa = PBXBuildFile; fileRef = 9F9BDABB1E6F5CBB000D9603 /* UIView+NibLoad.swift */; };
		9F9BDABE1E6F5D36000D9603 /* CustomTabBarController.swift in Sources */ = {isa = PBXBuildFile; fileRef = 9F9BDABD1E6F5D36000D9603 /* CustomTabBarController.swift */; };
		9FAFF7FF1E6AD40300B687CB /* Object+Singletone.swift in Sources */ = {isa = PBXBuildFile; fileRef = 9FAFF7FE1E6AD40300B687CB /* Object+Singletone.swift */; };
		9FAFF8011E6AD4A700B687CB /* Realm+WriteFunctions.swift in Sources */ = {isa = PBXBuildFile; fileRef = 9FAFF8001E6AD4A700B687CB /* Realm+WriteFunctions.swift */; };
		9FAFF8031E6AD5A000B687CB /* Realm+Notifications.swift in Sources */ = {isa = PBXBuildFile; fileRef = 9FAFF8021E6AD5A000B687CB /* Realm+Notifications.swift */; };
		9FAFF8051E6AD76300B687CB /* UserEntity.swift in Sources */ = {isa = PBXBuildFile; fileRef = 9FAFF8041E6AD76300B687CB /* UserEntity.swift */; };
		9FAFF8071E6AD84000B687CB /* EventEntity.swift in Sources */ = {isa = PBXBuildFile; fileRef = 9FAFF8061E6AD84000B687CB /* EventEntity.swift */; };
		9FAFF8091E6AD8E700B687CB /* SpeechEntity.swift in Sources */ = {isa = PBXBuildFile; fileRef = 9FAFF8081E6AD8E700B687CB /* SpeechEntity.swift */; };
		9FAFF80B1E6ADA0200B687CB /* SpeechContentEntity.swift in Sources */ = {isa = PBXBuildFile; fileRef = 9FAFF80A1E6ADA0200B687CB /* SpeechContentEntity.swift */; };
		9FAFF80D1E6ADB8200B687CB /* PlaceEntity.swift in Sources */ = {isa = PBXBuildFile; fileRef = 9FAFF80C1E6ADB8200B687CB /* PlaceEntity.swift */; };
		9FB848861E6F6069002E81ED /* TabBarItemView.swift in Sources */ = {isa = PBXBuildFile; fileRef = 9FB848851E6F6069002E81ED /* TabBarItemView.swift */; };
		9FB848881E6F6071002E81ED /* TabBarItemView.xib in Resources */ = {isa = PBXBuildFile; fileRef = 9FB848871E6F6071002E81ED /* TabBarItemView.xib */; };
		9FB8488A1E6F632D002E81ED /* UIColor+Hex.swift in Sources */ = {isa = PBXBuildFile; fileRef = 9FB848891E6F632D002E81ED /* UIColor+Hex.swift */; };
		9FB8488C1E6F63EB002E81ED /* String+Range.swift in Sources */ = {isa = PBXBuildFile; fileRef = 9FB8488B1E6F63EB002E81ED /* String+Range.swift */; };
		9FB8488E1E6F66AE002E81ED /* UIColor+PaletteColors.swift in Sources */ = {isa = PBXBuildFile; fileRef = 9FB8488D1E6F66AE002E81ED /* UIColor+PaletteColors.swift */; };
		9FB848911E6F674D002E81ED /* UIFont+AppFonts.swift in Sources */ = {isa = PBXBuildFile; fileRef = 9FB848901E6F674D002E81ED /* UIFont+AppFonts.swift */; };
		9FB848931E6F6848002E81ED /* GothamPro-Medium.ttf in Resources */ = {isa = PBXBuildFile; fileRef = 9FB848921E6F67C7002E81ED /* GothamPro-Medium.ttf */; };
		9FB8489A1E6F72CF002E81ED /* UIImage+RenderMode.swift in Sources */ = {isa = PBXBuildFile; fileRef = 9FB848991E6F72CF002E81ED /* UIImage+RenderMode.swift */; };
		9FD58FB71E5E304E00207199 /* EventPreview.storyboard in Resources */ = {isa = PBXBuildFile; fileRef = 9FD58FB61E5E304E00207199 /* EventPreview.storyboard */; };
		9FD58FB91E5E306800207199 /* Profile.storyboard in Resources */ = {isa = PBXBuildFile; fileRef = 9FD58FB81E5E306800207199 /* Profile.storyboard */; };
		9FD58FBE1E5E30AF00207199 /* TabBarViewController.swift in Sources */ = {isa = PBXBuildFile; fileRef = 9FD58FBD1E5E30AF00207199 /* TabBarViewController.swift */; };
		9FD58FC01E5E30F400207199 /* NavigationViewController.swift in Sources */ = {isa = PBXBuildFile; fileRef = 9FD58FBF1E5E30F400207199 /* NavigationViewController.swift */; };
		9FD58FC21E5E32E800207199 /* ProfileViewController.swift in Sources */ = {isa = PBXBuildFile; fileRef = 9FD58FC11E5E32E800207199 /* ProfileViewController.swift */; };
		9FD58FC61E5E32F900207199 /* ProfileEditViewController.swift in Sources */ = {isa = PBXBuildFile; fileRef = 9FD58FC51E5E32F900207199 /* ProfileEditViewController.swift */; };
		9FD58FC91E5E331600207199 /* AuthViewController.swift in Sources */ = {isa = PBXBuildFile; fileRef = 9FD58FC81E5E331600207199 /* AuthViewController.swift */; };
		9FD58FCC1E5E333C00207199 /* MainViewController.swift in Sources */ = {isa = PBXBuildFile; fileRef = 9FD58FCB1E5E333C00207199 /* MainViewController.swift */; };
		9FD58FD31E5E336E00207199 /* EventPreviewViewController.swift in Sources */ = {isa = PBXBuildFile; fileRef = 9FD58FD21E5E336E00207199 /* EventPreviewViewController.swift */; };
		9FD58FD71E5E338A00207199 /* SpeechPreviewViewController.swift in Sources */ = {isa = PBXBuildFile; fileRef = 9FD58FD61E5E338A00207199 /* SpeechPreviewViewController.swift */; };
		9FD58FDA1E5E350300207199 /* GiveSpeechViewController.swift in Sources */ = {isa = PBXBuildFile; fileRef = 9FD58FD91E5E350300207199 /* GiveSpeechViewController.swift */; };
		9FD58FDE1E5E353900207199 /* RegistrationPreviewViewController.swift in Sources */ = {isa = PBXBuildFile; fileRef = 9FD58FDD1E5E353900207199 /* RegistrationPreviewViewController.swift */; };
		9FD58FE11E5E359F00207199 /* RegistrationConfirmViewController.swift in Sources */ = {isa = PBXBuildFile; fileRef = 9FD58FE01E5E359F00207199 /* RegistrationConfirmViewController.swift */; };
		9FD58FE31E5E3A8C00207199 /* ViewControllersFactory.swift in Sources */ = {isa = PBXBuildFile; fileRef = 9FD58FE21E5E3A8C00207199 /* ViewControllersFactory.swift */; };
		9FD58FE61E5E3EE000207199 /* ProfileNavigationViewController.swift in Sources */ = {isa = PBXBuildFile; fileRef = 9FD58FE51E5E3EE000207199 /* ProfileNavigationViewController.swift */; };
		9FD58FE81E5E3F4100207199 /* LoginProcessViewController.swift in Sources */ = {isa = PBXBuildFile; fileRef = 9FD58FE71E5E3F4100207199 /* LoginProcessViewController.swift */; };
		9FD58FEA1E5E409500207199 /* ProfileHierarhyViewControllerType.swift in Sources */ = {isa = PBXBuildFile; fileRef = 9FD58FE91E5E409500207199 /* ProfileHierarhyViewControllerType.swift */; };
		9FD590151E5F1AE700207199 /* MapAppType.swift in Sources */ = {isa = PBXBuildFile; fileRef = 9FD590131E5F1AE700207199 /* MapAppType.swift */; };
		9FD590161E5F1AE700207199 /* MapsController.swift in Sources */ = {isa = PBXBuildFile; fileRef = 9FD590141E5F1AE700207199 /* MapsController.swift */; };
		9FF708DB1E6ADC9900BBA992 /* SocialEntity.swift in Sources */ = {isa = PBXBuildFile; fileRef = 9FF708DA1E6ADC9900BBA992 /* SocialEntity.swift */; };
		C3E466B91E5F1C4700728327 /* KeyboardHandler.swift in Sources */ = {isa = PBXBuildFile; fileRef = C3E466B81E5F1C4600728327 /* KeyboardHandler.swift */; };
		C3E466BD1E5F253500728327 /* UIViewController+KeyboardDelegate.swift in Sources */ = {isa = PBXBuildFile; fileRef = C3E466BC1E5F253500728327 /* UIViewController+KeyboardDelegate.swift */; };
/* End PBXBuildFile section */

/* Begin PBXCopyFilesBuildPhase section */
		784EFF961E637EAE00F2E31A /* Embed Frameworks */ = {
			isa = PBXCopyFilesBuildPhase;
			buildActionMask = 2147483647;
			dstPath = "";
			dstSubfolderSpec = 10;
			files = (
				784EFF951E637EAE00F2E31A /* RealmSwift.framework in Embed Frameworks */,
			);
			name = "Embed Frameworks";
			runOnlyForDeploymentPostprocessing = 0;
		};
/* End PBXCopyFilesBuildPhase section */

/* Begin PBXFileReference section */
		035A76B31E5F230100B87501 /* Storyboards.swift */ = {isa = PBXFileReference; fileEncoding = 4; lastKnownFileType = sourcecode.swift; path = Storyboards.swift; sourceTree = "<group>"; };
		0389AF611E660CFD00DCB4C7 /* TextViewWithPlaceholder.swift */ = {isa = PBXFileReference; fileEncoding = 4; lastKnownFileType = sourcecode.swift; lineEnding = 0; path = TextViewWithPlaceholder.swift; sourceTree = "<group>"; xcLanguageSpecificationIdentifier = xcode.lang.swift; };
		221A8B851E685C5A004E320D /* Base */ = {isa = PBXFileReference; lastKnownFileType = text.plist.strings; lineEnding = 0; name = Base; path = Base.lproj/Localizable.strings; sourceTree = "<group>"; xcLanguageSpecificationIdentifier = xcode.lang.simpleColoring; };
		221A8B881E685EBF004E320D /* String+Localized.swift */ = {isa = PBXFileReference; fileEncoding = 4; lastKnownFileType = sourcecode.swift; lineEnding = 0; path = "String+Localized.swift"; sourceTree = "<group>"; xcLanguageSpecificationIdentifier = xcode.lang.swift; };
		221A8B8D1E69692C004E320D /* EventPlainObject.swift */ = {isa = PBXFileReference; fileEncoding = 4; lastKnownFileType = sourcecode.swift; lineEnding = 0; path = EventPlainObject.swift; sourceTree = "<group>"; xcLanguageSpecificationIdentifier = xcode.lang.swift; };
		221A8B901E696D2E004E320D /* PlacePlainObject.swift */ = {isa = PBXFileReference; fileEncoding = 4; lastKnownFileType = sourcecode.swift; path = PlacePlainObject.swift; sourceTree = "<group>"; };
		221A8B921E696D4C004E320D /* EventPlainObject+Requests.swift */ = {isa = PBXFileReference; fileEncoding = 4; lastKnownFileType = sourcecode.swift; lineEnding = 0; path = "EventPlainObject+Requests.swift"; sourceTree = "<group>"; xcLanguageSpecificationIdentifier = xcode.lang.swift; };
		221A8B941E697007004E320D /* PlacePlainObject+Requests.swift */ = {isa = PBXFileReference; fileEncoding = 4; lastKnownFileType = sourcecode.swift; path = "PlacePlainObject+Requests.swift"; sourceTree = "<group>"; };
		221F4F871E5C0B6C0009FD07 /* Assets.xcassets */ = {isa = PBXFileReference; lastKnownFileType = folder.assetcatalog; path = Assets.xcassets; sourceTree = "<group>"; };
		221F4F8A1E5C0B6C0009FD07 /* Info.plist */ = {isa = PBXFileReference; fileEncoding = 4; lastKnownFileType = text.plist.xml; path = Info.plist; sourceTree = "<group>"; };
		221F4F8D1E5C0B6C0009FD07 /* LaunchScreen.storyboard */ = {isa = PBXFileReference; fileEncoding = 4; lastKnownFileType = file.storyboard; path = LaunchScreen.storyboard; sourceTree = "<group>"; };
		2231A5301E60B9A50069A179 /* Server.swift */ = {isa = PBXFileReference; fileEncoding = 4; lastKnownFileType = sourcecode.swift; lineEnding = 0; path = Server.swift; sourceTree = "<group>"; xcLanguageSpecificationIdentifier = xcode.lang.swift; };
		2231A5341E60BA290069A179 /* Reachability.swift */ = {isa = PBXFileReference; fileEncoding = 4; lastKnownFileType = sourcecode.swift; lineEnding = 0; path = Reachability.swift; sourceTree = "<group>"; xcLanguageSpecificationIdentifier = xcode.lang.swift; };
		2231A53A1E60E5180069A179 /* Dictionary+HTTPBody.swift */ = {isa = PBXFileReference; fileEncoding = 4; lastKnownFileType = sourcecode.swift; lineEnding = 0; path = "Dictionary+HTTPBody.swift"; sourceTree = "<group>"; xcLanguageSpecificationIdentifier = xcode.lang.swift; };
		224CA9DB1E65FB8300CD06D6 /* UserPlainObject.swift */ = {isa = PBXFileReference; fileEncoding = 4; lastKnownFileType = sourcecode.swift; lineEnding = 0; path = UserPlainObject.swift; sourceTree = "<group>"; xcLanguageSpecificationIdentifier = xcode.lang.swift; };
		224CA9DD1E65FBA100CD06D6 /* UserPlainObject+Requests.swift */ = {isa = PBXFileReference; fileEncoding = 4; lastKnownFileType = sourcecode.swift; lineEnding = 0; path = "UserPlainObject+Requests.swift"; sourceTree = "<group>"; xcLanguageSpecificationIdentifier = xcode.lang.swift; };
		224CA9DF1E65FC7300CD06D6 /* PlainObjectType.swift */ = {isa = PBXFileReference; fileEncoding = 4; lastKnownFileType = sourcecode.swift; path = PlainObjectType.swift; sourceTree = "<group>"; };
		224CA9E11E65FCA100CD06D6 /* Request.swift */ = {isa = PBXFileReference; fileEncoding = 4; lastKnownFileType = sourcecode.swift; lineEnding = 0; path = Request.swift; sourceTree = "<group>"; xcLanguageSpecificationIdentifier = xcode.lang.swift; };
		4D08815A1E64200B004812E5 /* DateComponents+Init.swift */ = {isa = PBXFileReference; fileEncoding = 4; lastKnownFileType = sourcecode.swift; lineEnding = 0; name = "DateComponents+Init.swift"; path = "../DateComponents/DateComponents+Init.swift"; sourceTree = "<group>"; xcLanguageSpecificationIdentifier = xcode.lang.swift; };
		4D890B581E5EEFE00038CCC9 /* Importer.swift */ = {isa = PBXFileReference; fileEncoding = 4; lastKnownFileType = sourcecode.swift; lineEnding = 0; path = Importer.swift; sourceTree = "<group>"; xcLanguageSpecificationIdentifier = xcode.lang.swift; };
		4DA530241E5FCDB900CD74EB /* Main.storyboard */ = {isa = PBXFileReference; fileEncoding = 4; lastKnownFileType = file.storyboard; path = Main.storyboard; sourceTree = "<group>"; };
		784AA39B1E65BB4F0018336C /* Utility.swift */ = {isa = PBXFileReference; fileEncoding = 4; lastKnownFileType = sourcecode.swift; lineEnding = 0; path = Utility.swift; sourceTree = "<group>"; xcLanguageSpecificationIdentifier = xcode.lang.swift; };
		784EFF921E637EA500F2E31A /* RealmController.swift */ = {isa = PBXFileReference; fileEncoding = 4; lastKnownFileType = sourcecode.swift; path = RealmController.swift; sourceTree = "<group>"; };
		78BBC8FF1E60FBE800DEC122 /* ProfilePictureCell.swift */ = {isa = PBXFileReference; fileEncoding = 4; lastKnownFileType = sourcecode.swift; name = ProfilePictureCell.swift; path = "../ViewControllers+Cells/ProfileViewController/Subviews/Cells/ProfilePictureCell/ProfilePictureCell.swift"; sourceTree = "<group>"; };
		78BBC9001E60FBE800DEC122 /* ProfilePictureCell.xib */ = {isa = PBXFileReference; fileEncoding = 4; lastKnownFileType = file.xib; name = ProfilePictureCell.xib; path = "../ViewControllers+Cells/ProfileViewController/Subviews/Cells/ProfilePictureCell/ProfilePictureCell.xib"; sourceTree = "<group>"; };
		78BBC9031E60FC0700DEC122 /* ProfileNameCell.swift */ = {isa = PBXFileReference; fileEncoding = 4; lastKnownFileType = sourcecode.swift; name = ProfileNameCell.swift; path = "../ViewControllers+Cells/ProfileViewController/Subviews/Cells/ProfileNameCell/ProfileNameCell.swift"; sourceTree = "<group>"; };
		78BBC9041E60FC0700DEC122 /* ProfileNameCell.xib */ = {isa = PBXFileReference; fileEncoding = 4; lastKnownFileType = file.xib; name = ProfileNameCell.xib; path = "../ViewControllers+Cells/ProfileViewController/Subviews/Cells/ProfileNameCell/ProfileNameCell.xib"; sourceTree = "<group>"; };
		78BBC9071E60FC2D00DEC122 /* ProfileSpeachCell.swift */ = {isa = PBXFileReference; fileEncoding = 4; lastKnownFileType = sourcecode.swift; name = ProfileSpeachCell.swift; path = "../ViewControllers+Cells/ProfileViewController/Subviews/Cells/ProfileSpeachCell/ProfileSpeachCell.swift"; sourceTree = "<group>"; };
		78BBC9081E60FC2D00DEC122 /* ProfileSpeachCell.xib */ = {isa = PBXFileReference; fileEncoding = 4; lastKnownFileType = file.xib; name = ProfileSpeachCell.xib; path = "../ViewControllers+Cells/ProfileViewController/Subviews/Cells/ProfileSpeachCell/ProfileSpeachCell.xib"; sourceTree = "<group>"; };
		8A317A7F1E6AE8BE00C4798C /* ActionButton.swift */ = {isa = PBXFileReference; fileEncoding = 4; lastKnownFileType = sourcecode.swift; lineEnding = 0; name = ActionButton.swift; path = CHMeetupApp/Sources/Common/Buttons/ActionButton.swift; sourceTree = SOURCE_ROOT; xcLanguageSpecificationIdentifier = xcode.lang.swift; };
		8A6268281E60742B00D51BEB /* RealmSwift.framework */ = {isa = PBXFileReference; lastKnownFileType = wrapper.framework; name = RealmSwift.framework; path = Carthage/Build/iOS/RealmSwift.framework; sourceTree = "<group>"; };
		8A6268511E64568C00D51BEB /* Constants.swift */ = {isa = PBXFileReference; fileEncoding = 4; lastKnownFileType = sourcecode.swift; lineEnding = 0; path = Constants.swift; sourceTree = "<group>"; xcLanguageSpecificationIdentifier = xcode.lang.swift; };
		8A6268531E64638500D51BEB /* LoginType.swift */ = {isa = PBXFileReference; fileEncoding = 4; lastKnownFileType = sourcecode.swift; lineEnding = 0; name = LoginType.swift; path = Controllers/LoginType.swift; sourceTree = "<group>"; xcLanguageSpecificationIdentifier = xcode.lang.swift; };
		8A857CFD1E6CC692002CC4C2 /* UIColor+Brightness.swift */ = {isa = PBXFileReference; fileEncoding = 4; lastKnownFileType = sourcecode.swift; lineEnding = 0; name = "UIColor+Brightness.swift"; path = "UIKit/UIColor/UIColor+Brightness.swift"; sourceTree = "<group>"; xcLanguageSpecificationIdentifier = xcode.lang.swift; };
		923CF1991E68F0CA00EBBE0D /* PastEventsDisplayCollection.swift */ = {isa = PBXFileReference; fileEncoding = 4; lastKnownFileType = sourcecode.swift; lineEnding = 0; path = PastEventsDisplayCollection.swift; sourceTree = "<group>"; xcLanguageSpecificationIdentifier = xcode.lang.swift; };
		92D678691E626CCD0010F3E9 /* PastEventsViewController.swift */ = {isa = PBXFileReference; fileEncoding = 4; lastKnownFileType = sourcecode.swift; lineEnding = 0; path = PastEventsViewController.swift; sourceTree = "<group>"; xcLanguageSpecificationIdentifier = xcode.lang.swift; };
		92D6786C1E626CE80010F3E9 /* PastEventsTableViewCell.swift */ = {isa = PBXFileReference; fileEncoding = 4; lastKnownFileType = sourcecode.swift; lineEnding = 0; path = PastEventsTableViewCell.swift; sourceTree = "<group>"; xcLanguageSpecificationIdentifier = xcode.lang.swift; };
		92D6786D1E626CE80010F3E9 /* PastEventsTableViewCell.xib */ = {isa = PBXFileReference; fileEncoding = 4; lastKnownFileType = file.xib; path = PastEventsTableViewCell.xib; sourceTree = "<group>"; };
		9F26385E1E6B838B0081D23B /* UserPreferencesEntity.swift */ = {isa = PBXFileReference; fileEncoding = 4; lastKnownFileType = sourcecode.swift; lineEnding = 0; name = UserPreferencesEntity.swift; path = Single/UserPreferencesEntity.swift; sourceTree = "<group>"; xcLanguageSpecificationIdentifier = xcode.lang.swift; };
		9F2638601E6B83D50081D23B /* DataModelCollection.swift */ = {isa = PBXFileReference; fileEncoding = 4; lastKnownFileType = sourcecode.swift; lineEnding = 0; path = DataModelCollection.swift; sourceTree = "<group>"; xcLanguageSpecificationIdentifier = xcode.lang.swift; };
		9F2FFA1F1E66353100EBCAEB /* RequestContentParser.swift */ = {isa = PBXFileReference; fileEncoding = 4; lastKnownFileType = sourcecode.swift; lineEnding = 0; path = RequestContentParser.swift; sourceTree = "<group>"; xcLanguageSpecificationIdentifier = xcode.lang.swift; };
		9F6048951E5B3CCB00C414C3 /* CHMeetupApp.app */ = {isa = PBXFileReference; explicitFileType = wrapper.application; includeInIndex = 0; path = CHMeetupApp.app; sourceTree = BUILT_PRODUCTS_DIR; };
		9F6048981E5B3CCB00C414C3 /* AppDelegate.swift */ = {isa = PBXFileReference; lastKnownFileType = sourcecode.swift; lineEnding = 0; name = AppDelegate.swift; path = ../AppDelegate.swift; sourceTree = "<group>"; xcLanguageSpecificationIdentifier = xcode.lang.swift; };
		9F9BDABB1E6F5CBB000D9603 /* UIView+NibLoad.swift */ = {isa = PBXFileReference; fileEncoding = 4; lastKnownFileType = sourcecode.swift; path = "UIView+NibLoad.swift"; sourceTree = "<group>"; };
		9F9BDABD1E6F5D36000D9603 /* CustomTabBarController.swift */ = {isa = PBXFileReference; fileEncoding = 4; lastKnownFileType = sourcecode.swift; path = CustomTabBarController.swift; sourceTree = "<group>"; };
		9FAFF7FE1E6AD40300B687CB /* Object+Singletone.swift */ = {isa = PBXFileReference; fileEncoding = 4; lastKnownFileType = sourcecode.swift; lineEnding = 0; path = "Object+Singletone.swift"; sourceTree = "<group>"; xcLanguageSpecificationIdentifier = xcode.lang.swift; };
		9FAFF8001E6AD4A700B687CB /* Realm+WriteFunctions.swift */ = {isa = PBXFileReference; fileEncoding = 4; lastKnownFileType = sourcecode.swift; lineEnding = 0; path = "Realm+WriteFunctions.swift"; sourceTree = "<group>"; xcLanguageSpecificationIdentifier = xcode.lang.swift; };
		9FAFF8021E6AD5A000B687CB /* Realm+Notifications.swift */ = {isa = PBXFileReference; fileEncoding = 4; lastKnownFileType = sourcecode.swift; lineEnding = 0; path = "Realm+Notifications.swift"; sourceTree = "<group>"; xcLanguageSpecificationIdentifier = xcode.lang.swift; };
		9FAFF8041E6AD76300B687CB /* UserEntity.swift */ = {isa = PBXFileReference; fileEncoding = 4; lastKnownFileType = sourcecode.swift; lineEnding = 0; path = UserEntity.swift; sourceTree = "<group>"; xcLanguageSpecificationIdentifier = xcode.lang.swift; };
		9FAFF8061E6AD84000B687CB /* EventEntity.swift */ = {isa = PBXFileReference; fileEncoding = 4; lastKnownFileType = sourcecode.swift; lineEnding = 0; path = EventEntity.swift; sourceTree = "<group>"; xcLanguageSpecificationIdentifier = xcode.lang.swift; };
		9FAFF8081E6AD8E700B687CB /* SpeechEntity.swift */ = {isa = PBXFileReference; fileEncoding = 4; lastKnownFileType = sourcecode.swift; lineEnding = 0; path = SpeechEntity.swift; sourceTree = "<group>"; xcLanguageSpecificationIdentifier = xcode.lang.swift; };
		9FAFF80A1E6ADA0200B687CB /* SpeechContentEntity.swift */ = {isa = PBXFileReference; fileEncoding = 4; lastKnownFileType = sourcecode.swift; lineEnding = 0; path = SpeechContentEntity.swift; sourceTree = "<group>"; xcLanguageSpecificationIdentifier = xcode.lang.swift; };
		9FAFF80C1E6ADB8200B687CB /* PlaceEntity.swift */ = {isa = PBXFileReference; fileEncoding = 4; lastKnownFileType = sourcecode.swift; lineEnding = 0; path = PlaceEntity.swift; sourceTree = "<group>"; xcLanguageSpecificationIdentifier = xcode.lang.swift; };
		9FB848851E6F6069002E81ED /* TabBarItemView.swift */ = {isa = PBXFileReference; fileEncoding = 4; lastKnownFileType = sourcecode.swift; lineEnding = 0; path = TabBarItemView.swift; sourceTree = "<group>"; xcLanguageSpecificationIdentifier = xcode.lang.swift; };
		9FB848871E6F6071002E81ED /* TabBarItemView.xib */ = {isa = PBXFileReference; fileEncoding = 4; lastKnownFileType = file.xib; path = TabBarItemView.xib; sourceTree = "<group>"; };
		9FB848891E6F632D002E81ED /* UIColor+Hex.swift */ = {isa = PBXFileReference; fileEncoding = 4; lastKnownFileType = sourcecode.swift; lineEnding = 0; path = "UIColor+Hex.swift"; sourceTree = "<group>"; xcLanguageSpecificationIdentifier = xcode.lang.swift; };
		9FB8488B1E6F63EB002E81ED /* String+Range.swift */ = {isa = PBXFileReference; fileEncoding = 4; lastKnownFileType = sourcecode.swift; lineEnding = 0; path = "String+Range.swift"; sourceTree = "<group>"; xcLanguageSpecificationIdentifier = xcode.lang.swift; };
		9FB8488D1E6F66AE002E81ED /* UIColor+PaletteColors.swift */ = {isa = PBXFileReference; fileEncoding = 4; lastKnownFileType = sourcecode.swift; lineEnding = 0; path = "UIColor+PaletteColors.swift"; sourceTree = "<group>"; xcLanguageSpecificationIdentifier = xcode.lang.swift; };
		9FB848901E6F674D002E81ED /* UIFont+AppFonts.swift */ = {isa = PBXFileReference; fileEncoding = 4; lastKnownFileType = sourcecode.swift; lineEnding = 0; path = "UIFont+AppFonts.swift"; sourceTree = "<group>"; xcLanguageSpecificationIdentifier = xcode.lang.swift; };
		9FB848921E6F67C7002E81ED /* GothamPro-Medium.ttf */ = {isa = PBXFileReference; lastKnownFileType = file; path = "GothamPro-Medium.ttf"; sourceTree = "<group>"; };
		9FB848991E6F72CF002E81ED /* UIImage+RenderMode.swift */ = {isa = PBXFileReference; fileEncoding = 4; lastKnownFileType = sourcecode.swift; lineEnding = 0; path = "UIImage+RenderMode.swift"; sourceTree = "<group>"; xcLanguageSpecificationIdentifier = xcode.lang.swift; };
		9FD58FB61E5E304E00207199 /* EventPreview.storyboard */ = {isa = PBXFileReference; fileEncoding = 4; lastKnownFileType = file.storyboard; path = EventPreview.storyboard; sourceTree = "<group>"; };
		9FD58FB81E5E306800207199 /* Profile.storyboard */ = {isa = PBXFileReference; fileEncoding = 4; lastKnownFileType = file.storyboard; path = Profile.storyboard; sourceTree = "<group>"; };
		9FD58FBD1E5E30AF00207199 /* TabBarViewController.swift */ = {isa = PBXFileReference; fileEncoding = 4; lastKnownFileType = sourcecode.swift; lineEnding = 0; path = TabBarViewController.swift; sourceTree = "<group>"; xcLanguageSpecificationIdentifier = xcode.lang.swift; };
		9FD58FBF1E5E30F400207199 /* NavigationViewController.swift */ = {isa = PBXFileReference; fileEncoding = 4; lastKnownFileType = sourcecode.swift; lineEnding = 0; path = NavigationViewController.swift; sourceTree = "<group>"; xcLanguageSpecificationIdentifier = xcode.lang.swift; };
		9FD58FC11E5E32E800207199 /* ProfileViewController.swift */ = {isa = PBXFileReference; fileEncoding = 4; lastKnownFileType = sourcecode.swift; lineEnding = 0; path = ProfileViewController.swift; sourceTree = "<group>"; xcLanguageSpecificationIdentifier = xcode.lang.swift; };
		9FD58FC51E5E32F900207199 /* ProfileEditViewController.swift */ = {isa = PBXFileReference; fileEncoding = 4; lastKnownFileType = sourcecode.swift; path = ProfileEditViewController.swift; sourceTree = "<group>"; };
		9FD58FC81E5E331600207199 /* AuthViewController.swift */ = {isa = PBXFileReference; fileEncoding = 4; lastKnownFileType = sourcecode.swift; path = AuthViewController.swift; sourceTree = "<group>"; };
		9FD58FCB1E5E333C00207199 /* MainViewController.swift */ = {isa = PBXFileReference; fileEncoding = 4; lastKnownFileType = sourcecode.swift; lineEnding = 0; path = MainViewController.swift; sourceTree = "<group>"; xcLanguageSpecificationIdentifier = xcode.lang.swift; };
		9FD58FD21E5E336E00207199 /* EventPreviewViewController.swift */ = {isa = PBXFileReference; fileEncoding = 4; lastKnownFileType = sourcecode.swift; lineEnding = 0; path = EventPreviewViewController.swift; sourceTree = "<group>"; xcLanguageSpecificationIdentifier = xcode.lang.swift; };
		9FD58FD61E5E338A00207199 /* SpeechPreviewViewController.swift */ = {isa = PBXFileReference; fileEncoding = 4; lastKnownFileType = sourcecode.swift; lineEnding = 0; path = SpeechPreviewViewController.swift; sourceTree = "<group>"; xcLanguageSpecificationIdentifier = xcode.lang.swift; };
		9FD58FD91E5E350300207199 /* GiveSpeechViewController.swift */ = {isa = PBXFileReference; fileEncoding = 4; lastKnownFileType = sourcecode.swift; lineEnding = 0; path = GiveSpeechViewController.swift; sourceTree = "<group>"; xcLanguageSpecificationIdentifier = xcode.lang.swift; };
		9FD58FDD1E5E353900207199 /* RegistrationPreviewViewController.swift */ = {isa = PBXFileReference; fileEncoding = 4; lastKnownFileType = sourcecode.swift; lineEnding = 0; path = RegistrationPreviewViewController.swift; sourceTree = "<group>"; xcLanguageSpecificationIdentifier = xcode.lang.swift; };
		9FD58FE01E5E359F00207199 /* RegistrationConfirmViewController.swift */ = {isa = PBXFileReference; fileEncoding = 4; lastKnownFileType = sourcecode.swift; lineEnding = 0; path = RegistrationConfirmViewController.swift; sourceTree = "<group>"; xcLanguageSpecificationIdentifier = xcode.lang.swift; };
		9FD58FE21E5E3A8C00207199 /* ViewControllersFactory.swift */ = {isa = PBXFileReference; fileEncoding = 4; lastKnownFileType = sourcecode.swift; lineEnding = 0; path = ViewControllersFactory.swift; sourceTree = "<group>"; xcLanguageSpecificationIdentifier = xcode.lang.swift; };
		9FD58FE51E5E3EE000207199 /* ProfileNavigationViewController.swift */ = {isa = PBXFileReference; fileEncoding = 4; lastKnownFileType = sourcecode.swift; path = ProfileNavigationViewController.swift; sourceTree = "<group>"; };
		9FD58FE71E5E3F4100207199 /* LoginProcessViewController.swift */ = {isa = PBXFileReference; fileEncoding = 4; lastKnownFileType = sourcecode.swift; lineEnding = 0; path = LoginProcessViewController.swift; sourceTree = "<group>"; xcLanguageSpecificationIdentifier = xcode.lang.swift; };
		9FD58FE91E5E409500207199 /* ProfileHierarhyViewControllerType.swift */ = {isa = PBXFileReference; fileEncoding = 4; lastKnownFileType = sourcecode.swift; path = ProfileHierarhyViewControllerType.swift; sourceTree = "<group>"; };
		9FD590131E5F1AE700207199 /* MapAppType.swift */ = {isa = PBXFileReference; fileEncoding = 4; lastKnownFileType = sourcecode.swift; lineEnding = 0; path = MapAppType.swift; sourceTree = "<group>"; xcLanguageSpecificationIdentifier = xcode.lang.swift; };
		9FD590141E5F1AE700207199 /* MapsController.swift */ = {isa = PBXFileReference; fileEncoding = 4; lastKnownFileType = sourcecode.swift; lineEnding = 0; path = MapsController.swift; sourceTree = "<group>"; xcLanguageSpecificationIdentifier = xcode.lang.swift; };
		9FF708DA1E6ADC9900BBA992 /* SocialEntity.swift */ = {isa = PBXFileReference; fileEncoding = 4; lastKnownFileType = sourcecode.swift; lineEnding = 0; path = SocialEntity.swift; sourceTree = "<group>"; xcLanguageSpecificationIdentifier = xcode.lang.swift; };
		C3E466B81E5F1C4600728327 /* KeyboardHandler.swift */ = {isa = PBXFileReference; fileEncoding = 4; lastKnownFileType = sourcecode.swift; path = KeyboardHandler.swift; sourceTree = "<group>"; };
		C3E466BC1E5F253500728327 /* UIViewController+KeyboardDelegate.swift */ = {isa = PBXFileReference; fileEncoding = 4; lastKnownFileType = sourcecode.swift; path = "UIViewController+KeyboardDelegate.swift"; sourceTree = "<group>"; };
/* End PBXFileReference section */

/* Begin PBXFrameworksBuildPhase section */
		9F6048921E5B3CCB00C414C3 /* Frameworks */ = {
			isa = PBXFrameworksBuildPhase;
			buildActionMask = 2147483647;
			files = (
				8A6268291E60742B00D51BEB /* RealmSwift.framework in Frameworks */,
			);
			runOnlyForDeploymentPostprocessing = 0;
		};
/* End PBXFrameworksBuildPhase section */

/* Begin PBXGroup section */
		221A8B781E684DB0004E320D /* Localizations */ = {
			isa = PBXGroup;
			children = (
				221A8B861E685C5A004E320D /* Localizable.strings */,
			);
			path = Localizations;
			sourceTree = "<group>";
		};
		221A8B871E685E72004E320D /* String */ = {
			isa = PBXGroup;
			children = (
				221A8B881E685EBF004E320D /* String+Localized.swift */,
				9FB8488B1E6F63EB002E81ED /* String+Range.swift */,
			);
			path = String;
			sourceTree = "<group>";
		};
		221A8B8C1E696918004E320D /* Event */ = {
			isa = PBXGroup;
			children = (
				221A8B8D1E69692C004E320D /* EventPlainObject.swift */,
				221A8B921E696D4C004E320D /* EventPlainObject+Requests.swift */,
			);
			path = Event;
			sourceTree = "<group>";
		};
		221A8B8F1E696D18004E320D /* Place */ = {
			isa = PBXGroup;
			children = (
				221A8B901E696D2E004E320D /* PlacePlainObject.swift */,
				221A8B941E697007004E320D /* PlacePlainObject+Requests.swift */,
			);
			path = Place;
			sourceTree = "<group>";
		};
		221F4F851E5C0B6C0009FD07 /* Resources */ = {
			isa = PBXGroup;
			children = (
				221A8B781E684DB0004E320D /* Localizations */,
				221F4F861E5C0B6C0009FD07 /* Assets */,
				221F4F891E5C0B6C0009FD07 /* Config */,
				221F4F8B1E5C0B6C0009FD07 /* Fonts */,
				221F4F8C1E5C0B6C0009FD07 /* Storyboards */,
			);
			path = Resources;
			sourceTree = "<group>";
		};
		221F4F861E5C0B6C0009FD07 /* Assets */ = {
			isa = PBXGroup;
			children = (
				221F4F871E5C0B6C0009FD07 /* Assets.xcassets */,
			);
			path = Assets;
			sourceTree = "<group>";
		};
		221F4F891E5C0B6C0009FD07 /* Config */ = {
			isa = PBXGroup;
			children = (
				8A6268511E64568C00D51BEB /* Constants.swift */,
				221F4F8A1E5C0B6C0009FD07 /* Info.plist */,
			);
			path = Config;
			sourceTree = "<group>";
		};
		221F4F8B1E5C0B6C0009FD07 /* Fonts */ = {
			isa = PBXGroup;
			children = (
				9FB848921E6F67C7002E81ED /* GothamPro-Medium.ttf */,
			);
			path = Fonts;
			sourceTree = "<group>";
		};
		221F4F8C1E5C0B6C0009FD07 /* Storyboards */ = {
			isa = PBXGroup;
			children = (
				035A76B31E5F230100B87501 /* Storyboards.swift */,
				9FD58FBA1E5E307800207199 /* Launch */,
				9FD58FB61E5E304E00207199 /* EventPreview.storyboard */,
				4DA530241E5FCDB900CD74EB /* Main.storyboard */,
				9FD58FB81E5E306800207199 /* Profile.storyboard */,
			);
			path = Storyboards;
			sourceTree = "<group>";
		};
		221F4F8F1E5C0B6C0009FD07 /* Sources */ = {
			isa = PBXGroup;
			children = (
				9F6048981E5B3CCB00C414C3 /* AppDelegate.swift */,
				221F4F901E5C0B6C0009FD07 /* Common */,
				221F4F941E5C0B6C0009FD07 /* Controllers */,
				221F4F951E5C0B6C0009FD07 /* Model */,
				221F4F9A1E5C0B6C0009FD07 /* ViewControllers */,
			);
			path = Sources;
			sourceTree = "<group>";
		};
		221F4F901E5C0B6C0009FD07 /* Common */ = {
			isa = PBXGroup;
			children = (
				221F4F911E5C0B6C0009FD07 /* Helpers */,
				221F4F921E5C0B6C0009FD07 /* Extensions */,
				221F4F931E5C0B6C0009FD07 /* Views */,
			);
			path = Common;
			sourceTree = "<group>";
		};
		221F4F911E5C0B6C0009FD07 /* Helpers */ = {
			isa = PBXGroup;
			children = (
				2231A52F1E60B9A50069A179 /* WebService */,
				9F30FFB01E70B4C500EF85F5 /* Utility */,
				9F30FFAD1E70B49600EF85F5 /* Importer */,
				9F30FFAE1E70B49D00EF85F5 /* KeyboardHandler */,
				9F30FFAF1E70B4A400EF85F5 /* Reachability */,
			);
			name = Helpers;
			path = Classes;
			sourceTree = "<group>";
		};
		221F4F921E5C0B6C0009FD07 /* Extensions */ = {
			isa = PBXGroup;
			children = (
				2231A5381E60E5030069A179 /* Foundation */,
				8A857CFF1E6CC6A5002CC4C2 /* UIKit */,
			);
			path = Extensions;
			sourceTree = "<group>";
		};
		221F4F931E5C0B6C0009FD07 /* Views */ = {
			isa = PBXGroup;
			children = (
				9F30FFB51E70B59B00EF85F5 /* ActionButton */,
				9FB848841E6F6033002E81ED /* TabBarItemView */,
				9F30FFB41E70B58300EF85F5 /* TextViewWithPlaceholder */,
			);
			path = Views;
			sourceTree = "<group>";
		};
		221F4F941E5C0B6C0009FD07 /* Controllers */ = {
			isa = PBXGroup;
			children = (
				9F30FFB71E70B61C00EF85F5 /* Factory */,
				9F30FFB61E70B61100EF85F5 /* LoginProcess */,
				8A6268551E64639700D51BEB /* Login */,
				9FD590121E5F1ADD00207199 /* Maps */,
			);
			path = Controllers;
			sourceTree = "<group>";
		};
		221F4F951E5C0B6C0009FD07 /* Model */ = {
			isa = PBXGroup;
			children = (
				221F4F961E5C0B6C0009FD07 /* Entities */,
				221F4F971E5C0B6C0009FD07 /* Helpers */,
				221F4F981E5C0B6C0009FD07 /* PlainObjects */,
			);
			path = Model;
			sourceTree = "<group>";
		};
		221F4F961E5C0B6C0009FD07 /* Entities */ = {
			isa = PBXGroup;
			children = (
				9F26385B1E6B82F50081D23B /* Single */,
				9FAFF8041E6AD76300B687CB /* UserEntity.swift */,
				9FAFF8061E6AD84000B687CB /* EventEntity.swift */,
				9FAFF8081E6AD8E700B687CB /* SpeechEntity.swift */,
				9FAFF80A1E6ADA0200B687CB /* SpeechContentEntity.swift */,
				9FAFF80C1E6ADB8200B687CB /* PlaceEntity.swift */,
				9FF708DA1E6ADC9900BBA992 /* SocialEntity.swift */,
			);
			path = Entities;
			sourceTree = "<group>";
		};
		221F4F971E5C0B6C0009FD07 /* Helpers */ = {
			isa = PBXGroup;
			children = (
				784EFF921E637EA500F2E31A /* RealmController.swift */,
				9FAFF7FE1E6AD40300B687CB /* Object+Singletone.swift */,
				9FAFF8001E6AD4A700B687CB /* Realm+WriteFunctions.swift */,
				9FAFF8021E6AD5A000B687CB /* Realm+Notifications.swift */,
				9F2638601E6B83D50081D23B /* DataModelCollection.swift */,
			);
			path = Helpers;
			sourceTree = "<group>";
		};
		221F4F981E5C0B6C0009FD07 /* PlainObjects */ = {
			isa = PBXGroup;
			children = (
				224CA9DF1E65FC7300CD06D6 /* PlainObjectType.swift */,
				221A8B8F1E696D18004E320D /* Place */,
				221A8B8C1E696918004E320D /* Event */,
				224CA9DA1E65FB7300CD06D6 /* User */,
			);
			name = PlainObjects;
			path = PO;
			sourceTree = "<group>";
		};
		221F4F9A1E5C0B6C0009FD07 /* ViewControllers */ = {
			isa = PBXGroup;
			children = (
				9FD58FBC1E5E309C00207199 /* Base */,
				9FD58FD11E5E336000207199 /* Events */,
				9FD58FCA1E5E332B00207199 /* Feed */,
				9FD58FBB1E5E309900207199 /* Profile */,
			);
			name = ViewControllers;
			path = "ViewControllers+Cells";
			sourceTree = "<group>";
		};
		2231A52F1E60B9A50069A179 /* WebService */ = {
			isa = PBXGroup;
			children = (
				2231A5301E60B9A50069A179 /* Server.swift */,
				224CA9E11E65FCA100CD06D6 /* Request.swift */,
				9F2FFA1F1E66353100EBCAEB /* RequestContentParser.swift */,
			);
			path = WebService;
			sourceTree = "<group>";
		};
		2231A5381E60E5030069A179 /* Foundation */ = {
			isa = PBXGroup;
			children = (
				9F30FFB11E70B4D800EF85F5 /* Date */,
				221A8B871E685E72004E320D /* String */,
				2231A5391E60E5030069A179 /* Dictionary */,
			);
			path = Foundation;
			sourceTree = "<group>";
		};
		2231A5391E60E5030069A179 /* Dictionary */ = {
			isa = PBXGroup;
			children = (
				2231A53A1E60E5180069A179 /* Dictionary+HTTPBody.swift */,
			);
			path = Dictionary;
			sourceTree = "<group>";
		};
		224CA9DA1E65FB7300CD06D6 /* User */ = {
			isa = PBXGroup;
			children = (
				224CA9DB1E65FB8300CD06D6 /* UserPlainObject.swift */,
				224CA9DD1E65FBA100CD06D6 /* UserPlainObject+Requests.swift */,
			);
			path = User;
			sourceTree = "<group>";
		};
		78BBC8FB1E60FA9C00DEC122 /* Cells */ = {
			isa = PBXGroup;
			children = (
				78BBC8FC1E60FAAD00DEC122 /* ProfilePictureCell */,
				78BBC8FD1E60FADD00DEC122 /* ProfileNameCell */,
				78BBC8FE1E60FB1800DEC122 /* ProfileSpeachCell */,
			);
			name = Cells;
			path = ../Common;
			sourceTree = "<group>";
		};
		78BBC8FC1E60FAAD00DEC122 /* ProfilePictureCell */ = {
			isa = PBXGroup;
			children = (
				78BBC8FF1E60FBE800DEC122 /* ProfilePictureCell.swift */,
				78BBC9001E60FBE800DEC122 /* ProfilePictureCell.xib */,
			);
			name = ProfilePictureCell;
			sourceTree = "<group>";
		};
		78BBC8FD1E60FADD00DEC122 /* ProfileNameCell */ = {
			isa = PBXGroup;
			children = (
				78BBC9031E60FC0700DEC122 /* ProfileNameCell.swift */,
				78BBC9041E60FC0700DEC122 /* ProfileNameCell.xib */,
			);
			name = ProfileNameCell;
			sourceTree = "<group>";
		};
		78BBC8FE1E60FB1800DEC122 /* ProfileSpeachCell */ = {
			isa = PBXGroup;
			children = (
				78BBC9071E60FC2D00DEC122 /* ProfileSpeachCell.swift */,
				78BBC9081E60FC2D00DEC122 /* ProfileSpeachCell.xib */,
			);
			name = ProfileSpeachCell;
			sourceTree = "<group>";
		};
		8A6268271E60742B00D51BEB /* Frameworks */ = {
			isa = PBXGroup;
			children = (
				8A6268281E60742B00D51BEB /* RealmSwift.framework */,
			);
			name = Frameworks;
			sourceTree = "<group>";
		};
		8A6268551E64639700D51BEB /* Login */ = {
			isa = PBXGroup;
			children = (
				8A6268531E64638500D51BEB /* LoginType.swift */,
			);
			name = Login;
			path = ..;
			sourceTree = "<group>";
		};
		8A857CFF1E6CC6A5002CC4C2 /* UIKit */ = {
			isa = PBXGroup;
			children = (
				9F30FFB21E70B4E800EF85F5 /* UIView */,
				9F30FFB31E70B4EE00EF85F5 /* UIViewController */,
				9FB848981E6F72C6002E81ED /* Image */,
				9FB8488F1E6F672B002E81ED /* Font */,
				8A857D001E6CC6B7002CC4C2 /* UIColor */,
			);
			name = UIKit;
			sourceTree = "<group>";
		};
		8A857D001E6CC6B7002CC4C2 /* UIColor */ = {
			isa = PBXGroup;
			children = (
				9FB848891E6F632D002E81ED /* UIColor+Hex.swift */,
				9FB8488D1E6F66AE002E81ED /* UIColor+PaletteColors.swift */,
				8A857CFD1E6CC692002CC4C2 /* UIColor+Brightness.swift */,
			);
			name = UIColor;
			sourceTree = "<group>";
		};
		923CF1981E68F0CA00EBBE0D /* DisplayModel */ = {
			isa = PBXGroup;
			children = (
				923CF1991E68F0CA00EBBE0D /* PastEventsDisplayCollection.swift */,
			);
			path = DisplayModel;
			sourceTree = "<group>";
		};
		92D678681E626CCD0010F3E9 /* PastEvents */ = {
			isa = PBXGroup;
			children = (
				923CF1981E68F0CA00EBBE0D /* DisplayModel */,
				92D6786B1E626CD60010F3E9 /* Cells */,
				92D678691E626CCD0010F3E9 /* PastEventsViewController.swift */,
			);
			path = PastEvents;
			sourceTree = "<group>";
		};
		92D6786B1E626CD60010F3E9 /* Cells */ = {
			isa = PBXGroup;
			children = (
				92D6786C1E626CE80010F3E9 /* PastEventsTableViewCell.swift */,
				92D6786D1E626CE80010F3E9 /* PastEventsTableViewCell.xib */,
			);
			path = Cells;
			sourceTree = "<group>";
		};
		9F26385B1E6B82F50081D23B /* Single */ = {
			isa = PBXGroup;
			children = (
				9F26385E1E6B838B0081D23B /* UserPreferencesEntity.swift */,
			);
			name = Single;
			sourceTree = "<group>";
		};
		9F30FFAD1E70B49600EF85F5 /* Importer */ = {
			isa = PBXGroup;
			children = (
				4D890B581E5EEFE00038CCC9 /* Importer.swift */,
			);
			name = Importer;
			sourceTree = "<group>";
		};
		9F30FFAE1E70B49D00EF85F5 /* KeyboardHandler */ = {
			isa = PBXGroup;
			children = (
				C3E466B81E5F1C4600728327 /* KeyboardHandler.swift */,
			);
			name = KeyboardHandler;
			sourceTree = "<group>";
		};
		9F30FFAF1E70B4A400EF85F5 /* Reachability */ = {
			isa = PBXGroup;
			children = (
				2231A5341E60BA290069A179 /* Reachability.swift */,
			);
			name = Reachability;
			sourceTree = "<group>";
		};
		9F30FFB01E70B4C500EF85F5 /* Utility */ = {
			isa = PBXGroup;
			children = (
				784AA39B1E65BB4F0018336C /* Utility.swift */,
			);
			name = Utility;
			sourceTree = "<group>";
		};
		9F30FFB11E70B4D800EF85F5 /* Date */ = {
			isa = PBXGroup;
			children = (
				4D08815A1E64200B004812E5 /* DateComponents+Init.swift */,
			);
			name = Date;
			sourceTree = "<group>";
		};
		9F30FFB21E70B4E800EF85F5 /* UIView */ = {
			isa = PBXGroup;
			children = (
				9F9BDABB1E6F5CBB000D9603 /* UIView+NibLoad.swift */,
			);
			name = UIView;
			sourceTree = "<group>";
		};
		9F30FFB31E70B4EE00EF85F5 /* UIViewController */ = {
			isa = PBXGroup;
			children = (
				C3E466BC1E5F253500728327 /* UIViewController+KeyboardDelegate.swift */,
			);
			name = UIViewController;
			sourceTree = "<group>";
		};
		9F30FFB41E70B58300EF85F5 /* TextViewWithPlaceholder */ = {
			isa = PBXGroup;
			children = (
				0389AF611E660CFD00DCB4C7 /* TextViewWithPlaceholder.swift */,
			);
			name = TextViewWithPlaceholder;
			sourceTree = "<group>";
		};
		9F30FFB51E70B59B00EF85F5 /* ActionButton */ = {
			isa = PBXGroup;
			children = (
				8A317A7F1E6AE8BE00C4798C /* ActionButton.swift */,
			);
			name = ActionButton;
			path = ../..;
			sourceTree = "<group>";
		};
		9F30FFB61E70B61100EF85F5 /* LoginProcess */ = {
			isa = PBXGroup;
			children = (
				9FD58FE71E5E3F4100207199 /* LoginProcessViewController.swift */,
			);
			name = LoginProcess;
			sourceTree = "<group>";
		};
		9F30FFB71E70B61C00EF85F5 /* Factory */ = {
			isa = PBXGroup;
			children = (
				9FD58FE21E5E3A8C00207199 /* ViewControllersFactory.swift */,
			);
			name = Factory;
			sourceTree = "<group>";
		};
		9F60488C1E5B3CCB00C414C3 = {
			isa = PBXGroup;
			children = (
				9F6048971E5B3CCB00C414C3 /* CHMeetupApp */,
				9F6048961E5B3CCB00C414C3 /* Products */,
				8A6268271E60742B00D51BEB /* Frameworks */,
			);
			sourceTree = "<group>";
		};
		9F6048961E5B3CCB00C414C3 /* Products */ = {
			isa = PBXGroup;
			children = (
				9F6048951E5B3CCB00C414C3 /* CHMeetupApp.app */,
			);
			name = Products;
			sourceTree = "<group>";
		};
		9F6048971E5B3CCB00C414C3 /* CHMeetupApp */ = {
			isa = PBXGroup;
			children = (
				221F4F8F1E5C0B6C0009FD07 /* Sources */,
				221F4F851E5C0B6C0009FD07 /* Resources */,
			);
			path = CHMeetupApp;
			sourceTree = "<group>";
		};
		9FB848841E6F6033002E81ED /* TabBarItemView */ = {
			isa = PBXGroup;
			children = (
				9FB848851E6F6069002E81ED /* TabBarItemView.swift */,
				9FB848871E6F6071002E81ED /* TabBarItemView.xib */,
			);
			name = TabBarItemView;
			sourceTree = "<group>";
		};
		9FB8488F1E6F672B002E81ED /* Font */ = {
			isa = PBXGroup;
			children = (
				9FB848901E6F674D002E81ED /* UIFont+AppFonts.swift */,
			);
			name = Font;
			sourceTree = "<group>";
		};
		9FB848981E6F72C6002E81ED /* Image */ = {
			isa = PBXGroup;
			children = (
				9FB848991E6F72CF002E81ED /* UIImage+RenderMode.swift */,
			);
			name = Image;
			sourceTree = "<group>";
		};
		9FD58FBA1E5E307800207199 /* Launch */ = {
			isa = PBXGroup;
			children = (
				221F4F8D1E5C0B6C0009FD07 /* LaunchScreen.storyboard */,
			);
			name = Launch;
			sourceTree = "<group>";
		};
		9FD58FBB1E5E309900207199 /* Profile */ = {
			isa = PBXGroup;
			children = (
				9FD58FEB1E5E409A00207199 /* Protocols */,
				9FD58FE41E5E3EC500207199 /* NavigationController */,
				9FD58FD81E5E34F500207199 /* GiveSpeech */,
				9FD58FC71E5E330C00207199 /* Auth */,
				9FD58FC41E5E32F100207199 /* Edit */,
				9FD58FC31E5E32EB00207199 /* Profile */,
			);
			name = Profile;
			sourceTree = "<group>";
		};
		9FD58FBC1E5E309C00207199 /* Base */ = {
			isa = PBXGroup;
			children = (
				9F9BDABD1E6F5D36000D9603 /* CustomTabBarController.swift */,
				9FD58FBD1E5E30AF00207199 /* TabBarViewController.swift */,
				9FD58FBF1E5E30F400207199 /* NavigationViewController.swift */,
			);
			name = Base;
			sourceTree = "<group>";
		};
		9FD58FC31E5E32EB00207199 /* Profile */ = {
			isa = PBXGroup;
			children = (
				78BBC8FB1E60FA9C00DEC122 /* Cells */,
				9FD58FC11E5E32E800207199 /* ProfileViewController.swift */,
			);
			name = Profile;
			sourceTree = "<group>";
		};
		9FD58FC41E5E32F100207199 /* Edit */ = {
			isa = PBXGroup;
			children = (
				9FD58FC51E5E32F900207199 /* ProfileEditViewController.swift */,
			);
			name = Edit;
			sourceTree = "<group>";
		};
		9FD58FC71E5E330C00207199 /* Auth */ = {
			isa = PBXGroup;
			children = (
				9FD58FC81E5E331600207199 /* AuthViewController.swift */,
			);
			name = Auth;
			sourceTree = "<group>";
		};
		9FD58FCA1E5E332B00207199 /* Feed */ = {
			isa = PBXGroup;
			children = (
				92D678681E626CCD0010F3E9 /* PastEvents */,
				9FD58FCF1E5E334F00207199 /* Main */,
			);
			name = Feed;
			sourceTree = "<group>";
		};
		9FD58FCF1E5E334F00207199 /* Main */ = {
			isa = PBXGroup;
			children = (
				9FD58FCB1E5E333C00207199 /* MainViewController.swift */,
			);
			name = Main;
			sourceTree = "<group>";
		};
		9FD58FD11E5E336000207199 /* Events */ = {
			isa = PBXGroup;
			children = (
				9FD58FDB1E5E351100207199 /* Registration */,
				9FD58FD51E5E337A00207199 /* Speech */,
				9FD58FD41E5E337100207199 /* EventPreview */,
			);
			name = Events;
			sourceTree = "<group>";
		};
		9FD58FD41E5E337100207199 /* EventPreview */ = {
			isa = PBXGroup;
			children = (
				9FD58FD21E5E336E00207199 /* EventPreviewViewController.swift */,
			);
			name = EventPreview;
			sourceTree = "<group>";
		};
		9FD58FD51E5E337A00207199 /* Speech */ = {
			isa = PBXGroup;
			children = (
				9FD58FD61E5E338A00207199 /* SpeechPreviewViewController.swift */,
			);
			name = Speech;
			sourceTree = "<group>";
		};
		9FD58FD81E5E34F500207199 /* GiveSpeech */ = {
			isa = PBXGroup;
			children = (
				9FD58FD91E5E350300207199 /* GiveSpeechViewController.swift */,
			);
			name = GiveSpeech;
			sourceTree = "<group>";
		};
		9FD58FDB1E5E351100207199 /* Registration */ = {
			isa = PBXGroup;
			children = (
				9FD58FDF1E5E353C00207199 /* Confirm */,
				9FD58FDC1E5E352500207199 /* Preview */,
			);
			name = Registration;
			sourceTree = "<group>";
		};
		9FD58FDC1E5E352500207199 /* Preview */ = {
			isa = PBXGroup;
			children = (
				9FD58FDD1E5E353900207199 /* RegistrationPreviewViewController.swift */,
			);
			name = Preview;
			sourceTree = "<group>";
		};
		9FD58FDF1E5E353C00207199 /* Confirm */ = {
			isa = PBXGroup;
			children = (
				9FD58FE01E5E359F00207199 /* RegistrationConfirmViewController.swift */,
			);
			name = Confirm;
			sourceTree = "<group>";
		};
		9FD58FE41E5E3EC500207199 /* NavigationController */ = {
			isa = PBXGroup;
			children = (
				9FD58FE51E5E3EE000207199 /* ProfileNavigationViewController.swift */,
			);
			name = NavigationController;
			sourceTree = "<group>";
		};
		9FD58FEB1E5E409A00207199 /* Protocols */ = {
			isa = PBXGroup;
			children = (
				9FD58FE91E5E409500207199 /* ProfileHierarhyViewControllerType.swift */,
			);
			name = Protocols;
			sourceTree = "<group>";
		};
		9FD590121E5F1ADD00207199 /* Maps */ = {
			isa = PBXGroup;
			children = (
				9FD590131E5F1AE700207199 /* MapAppType.swift */,
				9FD590141E5F1AE700207199 /* MapsController.swift */,
			);
			name = Maps;
			sourceTree = "<group>";
		};
/* End PBXGroup section */

/* Begin PBXNativeTarget section */
		9F6048941E5B3CCB00C414C3 /* CHMeetupApp */ = {
			isa = PBXNativeTarget;
			buildConfigurationList = 9F6048A71E5B3CCB00C414C3 /* Build configuration list for PBXNativeTarget "CHMeetupApp" */;
			buildPhases = (
				035A76421E5EF46000B87501 /* Run Script Natalie */,
				9F6048911E5B3CCB00C414C3 /* Sources */,
				9F6048921E5B3CCB00C414C3 /* Frameworks */,
				9F6048931E5B3CCB00C414C3 /* Resources */,
				8A3B15DB1E5E37BE008DD430 /* Run Script Swiftlint */,
				8A62682A1E60744D00D51BEB /* Run Script Carthage */,
				784EFF961E637EAE00F2E31A /* Embed Frameworks */,
			);
			buildRules = (
			);
			dependencies = (
			);
			name = CHMeetupApp;
			productName = CHMeetupApp;
			productReference = 9F6048951E5B3CCB00C414C3 /* CHMeetupApp.app */;
			productType = "com.apple.product-type.application";
		};
/* End PBXNativeTarget section */

/* Begin PBXProject section */
		9F60488D1E5B3CCB00C414C3 /* Project object */ = {
			isa = PBXProject;
			attributes = {
				LastSwiftUpdateCheck = 0820;
				LastUpgradeCheck = 0820;
				ORGANIZATIONNAME = "CocoaHeads Community";
				TargetAttributes = {
					9F6048941E5B3CCB00C414C3 = {
						CreatedOnToolsVersion = 8.2.1;
						DevelopmentTeam = KH2KDZEEE3;
						ProvisioningStyle = Automatic;
					};
				};
			};
			buildConfigurationList = 9F6048901E5B3CCB00C414C3 /* Build configuration list for PBXProject "CHMeetupApp" */;
			compatibilityVersion = "Xcode 3.2";
			developmentRegion = English;
			hasScannedForEncodings = 0;
			knownRegions = (
				en,
				Base,
			);
			mainGroup = 9F60488C1E5B3CCB00C414C3;
			productRefGroup = 9F6048961E5B3CCB00C414C3 /* Products */;
			projectDirPath = "";
			projectRoot = "";
			targets = (
				9F6048941E5B3CCB00C414C3 /* CHMeetupApp */,
			);
		};
/* End PBXProject section */

/* Begin PBXResourcesBuildPhase section */
		9F6048931E5B3CCB00C414C3 /* Resources */ = {
			isa = PBXResourcesBuildPhase;
			buildActionMask = 2147483647;
			files = (
				9FB848931E6F6848002E81ED /* GothamPro-Medium.ttf in Resources */,
				78BBC9061E60FC0700DEC122 /* ProfileNameCell.xib in Resources */,
				9FD58FB91E5E306800207199 /* Profile.storyboard in Resources */,
				221A8B841E685C5A004E320D /* Localizable.strings in Resources */,
				4DA530251E5FCDB900CD74EB /* Main.storyboard in Resources */,
				92D6786F1E626CE80010F3E9 /* PastEventsTableViewCell.xib in Resources */,
				9FD58FB71E5E304E00207199 /* EventPreview.storyboard in Resources */,
				78BBC90A1E60FC2D00DEC122 /* ProfileSpeachCell.xib in Resources */,
				78BBC9021E60FBE800DEC122 /* ProfilePictureCell.xib in Resources */,
				221F4F9E1E5C0B6C0009FD07 /* LaunchScreen.storyboard in Resources */,
				9FB848881E6F6071002E81ED /* TabBarItemView.xib in Resources */,
				221F4F9C1E5C0B6C0009FD07 /* Assets.xcassets in Resources */,
			);
			runOnlyForDeploymentPostprocessing = 0;
		};
/* End PBXResourcesBuildPhase section */

/* Begin PBXShellScriptBuildPhase section */
		035A76421E5EF46000B87501 /* Run Script Natalie */ = {
			isa = PBXShellScriptBuildPhase;
			buildActionMask = 12;
			files = (
			);
			inputPaths = (
			);
			name = "Run Script Natalie";
			outputPaths = (
			);
			runOnlyForDeploymentPostprocessing = 0;
			shellPath = /bin/sh;
			shellScript = "echo \"Natalie Generator: Determining if generated Swift file is up-to-date.\"\n\n# Adjust path to \"natalie\" binary\n# NATALIE_PATH=\"$PROJECT_DIR/natalie\"\nNATALIE_PATH=\"/usr/local/bin/natalie\"\n\nif [ -f $NATALIE_PATH ]; then\nBASE_PATH=\"$PROJECT_DIR/$PROJECT_NAME\"\nOUTPUT_PATH=\"$BASE_PATH/Resources/Storyboards/Storyboards.swift\"\n\nif [ ! -e \"$OUTPUT_PATH\" ] || [ -n \"$(find \"$BASE_PATH\" -type f -name \"*.storyboard\" -newer \"$OUTPUT_PATH\" -print -quit)\" ]; then\necho \"Natalie Generator: Generated Swift is out-of-date; re-generating...\"\n\n/usr/bin/chflags nouchg \"$OUTPUT_PATH\"\n\"$NATALIE_PATH\" \"$BASE_PATH\" > \"$OUTPUT_PATH\"\n/usr/bin/chflags uchg \"$OUTPUT_PATH\"\n\necho \"Natalie Generator: Done.\"\nelse\necho \"Natalie Generator: Generated Swift is up-to-date; skipping re-generation.\"\nfi\nfi";
		};
		8A3B15DB1E5E37BE008DD430 /* Run Script Swiftlint */ = {
			isa = PBXShellScriptBuildPhase;
			buildActionMask = 2147483647;
			files = (
			);
			inputPaths = (
			);
			name = "Run Script Swiftlint";
			outputPaths = (
			);
			runOnlyForDeploymentPostprocessing = 0;
			shellPath = /bin/sh;
			shellScript = "if which swiftlint >/dev/null; then\nswiftlint\nelse\necho \"warning: SwiftLint not installed, download from https://github.com/realm/SwiftLint\"\nfi";
		};
		8A62682A1E60744D00D51BEB /* Run Script Carthage */ = {
			isa = PBXShellScriptBuildPhase;
			buildActionMask = 2147483647;
			files = (
			);
			inputPaths = (
				"$(SRCROOT)/Carthage/Build/iOS/Realm.framework",
				"$(SRCROOT)/Carthage/Build/iOS/RealmSwift.framework",
			);
			name = "Run Script Carthage";
			outputPaths = (
			);
			runOnlyForDeploymentPostprocessing = 0;
			shellPath = /bin/sh;
			shellScript = "/usr/local/bin/carthage copy-frameworks";
		};
/* End PBXShellScriptBuildPhase section */

/* Begin PBXSourcesBuildPhase section */
		9F6048911E5B3CCB00C414C3 /* Sources */ = {
			isa = PBXSourcesBuildPhase;
			buildActionMask = 2147483647;
			files = (
				8A7122FD1E6F2EDA00F890E2 /* Importer.swift in Sources */,
				8A317A801E6AE8BE00C4798C /* ActionButton.swift in Sources */,
				9FB8489A1E6F72CF002E81ED /* UIImage+RenderMode.swift in Sources */,
				9FAFF80B1E6ADA0200B687CB /* SpeechContentEntity.swift in Sources */,
				9F26385F1E6B838B0081D23B /* UserPreferencesEntity.swift in Sources */,
				C3E466BD1E5F253500728327 /* UIViewController+KeyboardDelegate.swift in Sources */,
				9FF708DB1E6ADC9900BBA992 /* SocialEntity.swift in Sources */,
				C3E466B91E5F1C4700728327 /* KeyboardHandler.swift in Sources */,
				78BBC9011E60FBE800DEC122 /* ProfilePictureCell.swift in Sources */,
				9FD58FEA1E5E409500207199 /* ProfileHierarhyViewControllerType.swift in Sources */,
				9FD58FCC1E5E333C00207199 /* MainViewController.swift in Sources */,
				9FD58FE11E5E359F00207199 /* RegistrationConfirmViewController.swift in Sources */,
				0389AF621E660CFD00DCB4C7 /* TextViewWithPlaceholder.swift in Sources */,
				9FD58FC01E5E30F400207199 /* NavigationViewController.swift in Sources */,
				9FAFF8071E6AD84000B687CB /* EventEntity.swift in Sources */,
				9FAFF8011E6AD4A700B687CB /* Realm+WriteFunctions.swift in Sources */,
				784EFF931E637EA500F2E31A /* RealmController.swift in Sources */,
				784AA39C1E65BB4F0018336C /* Utility.swift in Sources */,
				8A6268521E64568C00D51BEB /* Constants.swift in Sources */,
				9FD58FC61E5E32F900207199 /* ProfileEditViewController.swift in Sources */,
				9FB8488A1E6F632D002E81ED /* UIColor+Hex.swift in Sources */,
				8A857CFE1E6CC692002CC4C2 /* UIColor+Brightness.swift in Sources */,
				9F9BDABC1E6F5CBB000D9603 /* UIView+NibLoad.swift in Sources */,
				9FD58FE81E5E3F4100207199 /* LoginProcessViewController.swift in Sources */,
				221A8B8E1E69692D004E320D /* EventPlainObject.swift in Sources */,
				035A76B41E5F230100B87501 /* Storyboards.swift in Sources */,
				4D08815B1E64200B004812E5 /* DateComponents+Init.swift in Sources */,
				9FD58FC91E5E331600207199 /* AuthViewController.swift in Sources */,
				9FD58FBE1E5E30AF00207199 /* TabBarViewController.swift in Sources */,
				221A8B931E696D4C004E320D /* EventPlainObject+Requests.swift in Sources */,
				9FAFF8091E6AD8E700B687CB /* SpeechEntity.swift in Sources */,
				9F9BDABE1E6F5D36000D9603 /* CustomTabBarController.swift in Sources */,
				9F2638611E6B83D50081D23B /* DataModelCollection.swift in Sources */,
				9FB848911E6F674D002E81ED /* UIFont+AppFonts.swift in Sources */,
				78BBC9051E60FC0700DEC122 /* ProfileNameCell.swift in Sources */,
				8A6268541E64638500D51BEB /* LoginType.swift in Sources */,
				92D6786A1E626CCD0010F3E9 /* PastEventsViewController.swift in Sources */,
				92D6786E1E626CE80010F3E9 /* PastEventsTableViewCell.swift in Sources */,
				9FAFF8051E6AD76300B687CB /* UserEntity.swift in Sources */,
				221A8B891E685EBF004E320D /* String+Localized.swift in Sources */,
				221A8B911E696D2F004E320D /* PlacePlainObject.swift in Sources */,
				9FD58FDE1E5E353900207199 /* RegistrationPreviewViewController.swift in Sources */,
				9FD58FD71E5E338A00207199 /* SpeechPreviewViewController.swift in Sources */,
				9FD58FE61E5E3EE000207199 /* ProfileNavigationViewController.swift in Sources */,
				9F3057A81E6CB03500B11801 /* RequestContentParser.swift in Sources */,
				2231A5351E60BA290069A179 /* Reachability.swift in Sources */,
				9FD58FD31E5E336E00207199 /* EventPreviewViewController.swift in Sources */,
				221A8B951E697007004E320D /* PlacePlainObject+Requests.swift in Sources */,
				9FD58FDA1E5E350300207199 /* GiveSpeechViewController.swift in Sources */,
				2231A53B1E60E5180069A179 /* Dictionary+HTTPBody.swift in Sources */,
				9FB848861E6F6069002E81ED /* TabBarItemView.swift in Sources */,
				9FD58FC21E5E32E800207199 /* ProfileViewController.swift in Sources */,
				224CA9E01E65FC7300CD06D6 /* PlainObjectType.swift in Sources */,
				78BBC9091E60FC2D00DEC122 /* ProfileSpeachCell.swift in Sources */,
				9FD590161E5F1AE700207199 /* MapsController.swift in Sources */,
				9FB8488E1E6F66AE002E81ED /* UIColor+PaletteColors.swift in Sources */,
				9FAFF8031E6AD5A000B687CB /* Realm+Notifications.swift in Sources */,
				9F6048991E5B3CCB00C414C3 /* AppDelegate.swift in Sources */,
				9FD58FE31E5E3A8C00207199 /* ViewControllersFactory.swift in Sources */,
				9F2FFA211E663DE600EBCAEB /* Server.swift in Sources */,
				9FAFF80D1E6ADB8200B687CB /* PlaceEntity.swift in Sources */,
				923CF19A1E68F0CA00EBBE0D /* PastEventsDisplayCollection.swift in Sources */,
				9FD590151E5F1AE700207199 /* MapAppType.swift in Sources */,
				9FAFF7FF1E6AD40300B687CB /* Object+Singletone.swift in Sources */,
				9FB8488C1E6F63EB002E81ED /* String+Range.swift in Sources */,
				224CA9DC1E65FB8300CD06D6 /* UserPlainObject.swift in Sources */,
				224CA9E21E65FCA100CD06D6 /* Request.swift in Sources */,
				224CA9DE1E65FBA100CD06D6 /* UserPlainObject+Requests.swift in Sources */,
			);
			runOnlyForDeploymentPostprocessing = 0;
		};
/* End PBXSourcesBuildPhase section */

/* Begin PBXVariantGroup section */
		221A8B861E685C5A004E320D /* Localizable.strings */ = {
			isa = PBXVariantGroup;
			children = (
				221A8B851E685C5A004E320D /* Base */,
			);
			name = Localizable.strings;
			path = ..;
			sourceTree = "<group>";
		};
/* End PBXVariantGroup section */

/* Begin XCBuildConfiguration section */
		9F6048A51E5B3CCB00C414C3 /* Debug */ = {
			isa = XCBuildConfiguration;
			buildSettings = {
				ALWAYS_SEARCH_USER_PATHS = NO;
				CLANG_ANALYZER_LOCALIZABILITY_NONLOCALIZED = YES;
				CLANG_ANALYZER_NONNULL = YES;
				CLANG_CXX_LANGUAGE_STANDARD = "gnu++0x";
				CLANG_CXX_LIBRARY = "libc++";
				CLANG_ENABLE_MODULES = YES;
				CLANG_ENABLE_OBJC_ARC = YES;
				CLANG_WARN_BOOL_CONVERSION = YES;
				CLANG_WARN_CONSTANT_CONVERSION = YES;
				CLANG_WARN_DIRECT_OBJC_ISA_USAGE = YES_ERROR;
				CLANG_WARN_DOCUMENTATION_COMMENTS = YES;
				CLANG_WARN_EMPTY_BODY = YES;
				CLANG_WARN_ENUM_CONVERSION = YES;
				CLANG_WARN_INFINITE_RECURSION = YES;
				CLANG_WARN_INT_CONVERSION = YES;
				CLANG_WARN_OBJC_ROOT_CLASS = YES_ERROR;
				CLANG_WARN_SUSPICIOUS_MOVE = YES;
				CLANG_WARN_UNREACHABLE_CODE = YES;
				CLANG_WARN__DUPLICATE_METHOD_MATCH = YES;
				"CODE_SIGN_IDENTITY[sdk=iphoneos*]" = "iPhone Developer";
				COPY_PHASE_STRIP = NO;
				DEBUG_INFORMATION_FORMAT = dwarf;
				ENABLE_STRICT_OBJC_MSGSEND = YES;
				ENABLE_TESTABILITY = YES;
				GCC_C_LANGUAGE_STANDARD = gnu99;
				GCC_DYNAMIC_NO_PIC = NO;
				GCC_NO_COMMON_BLOCKS = YES;
				GCC_OPTIMIZATION_LEVEL = 0;
				GCC_PREPROCESSOR_DEFINITIONS = (
					"DEBUG=1",
					"$(inherited)",
				);
				GCC_WARN_64_TO_32_BIT_CONVERSION = YES;
				GCC_WARN_ABOUT_RETURN_TYPE = YES_ERROR;
				GCC_WARN_UNDECLARED_SELECTOR = YES;
				GCC_WARN_UNINITIALIZED_AUTOS = YES_AGGRESSIVE;
				GCC_WARN_UNUSED_FUNCTION = YES;
				GCC_WARN_UNUSED_VARIABLE = YES;
				IPHONEOS_DEPLOYMENT_TARGET = 10.2;
				MTL_ENABLE_DEBUG_INFO = YES;
				ONLY_ACTIVE_ARCH = YES;
				SDKROOT = iphoneos;
				SWIFT_ACTIVE_COMPILATION_CONDITIONS = DEBUG;
				SWIFT_OPTIMIZATION_LEVEL = "-Onone";
			};
			name = Debug;
		};
		9F6048A61E5B3CCB00C414C3 /* Release */ = {
			isa = XCBuildConfiguration;
			buildSettings = {
				ALWAYS_SEARCH_USER_PATHS = NO;
				CLANG_ANALYZER_LOCALIZABILITY_NONLOCALIZED = YES;
				CLANG_ANALYZER_NONNULL = YES;
				CLANG_CXX_LANGUAGE_STANDARD = "gnu++0x";
				CLANG_CXX_LIBRARY = "libc++";
				CLANG_ENABLE_MODULES = YES;
				CLANG_ENABLE_OBJC_ARC = YES;
				CLANG_WARN_BOOL_CONVERSION = YES;
				CLANG_WARN_CONSTANT_CONVERSION = YES;
				CLANG_WARN_DIRECT_OBJC_ISA_USAGE = YES_ERROR;
				CLANG_WARN_DOCUMENTATION_COMMENTS = YES;
				CLANG_WARN_EMPTY_BODY = YES;
				CLANG_WARN_ENUM_CONVERSION = YES;
				CLANG_WARN_INFINITE_RECURSION = YES;
				CLANG_WARN_INT_CONVERSION = YES;
				CLANG_WARN_OBJC_ROOT_CLASS = YES_ERROR;
				CLANG_WARN_SUSPICIOUS_MOVE = YES;
				CLANG_WARN_UNREACHABLE_CODE = YES;
				CLANG_WARN__DUPLICATE_METHOD_MATCH = YES;
				"CODE_SIGN_IDENTITY[sdk=iphoneos*]" = "iPhone Developer";
				COPY_PHASE_STRIP = NO;
				DEBUG_INFORMATION_FORMAT = "dwarf-with-dsym";
				ENABLE_NS_ASSERTIONS = NO;
				ENABLE_STRICT_OBJC_MSGSEND = YES;
				GCC_C_LANGUAGE_STANDARD = gnu99;
				GCC_NO_COMMON_BLOCKS = YES;
				GCC_WARN_64_TO_32_BIT_CONVERSION = YES;
				GCC_WARN_ABOUT_RETURN_TYPE = YES_ERROR;
				GCC_WARN_UNDECLARED_SELECTOR = YES;
				GCC_WARN_UNINITIALIZED_AUTOS = YES_AGGRESSIVE;
				GCC_WARN_UNUSED_FUNCTION = YES;
				GCC_WARN_UNUSED_VARIABLE = YES;
				IPHONEOS_DEPLOYMENT_TARGET = 10.2;
				MTL_ENABLE_DEBUG_INFO = NO;
				SDKROOT = iphoneos;
				SWIFT_OPTIMIZATION_LEVEL = "-Owholemodule";
				VALIDATE_PRODUCT = YES;
			};
			name = Release;
		};
		9F6048A81E5B3CCB00C414C3 /* Debug */ = {
			isa = XCBuildConfiguration;
			buildSettings = {
				ASSETCATALOG_COMPILER_APPICON_NAME = AppIcon;
				DEVELOPMENT_TEAM = KH2KDZEEE3;
				FRAMEWORK_SEARCH_PATHS = (
					"$(inherited)",
					"$(PROJECT_DIR)/Carthage/Build/iOS",
				);
				INFOPLIST_FILE = "$(SRCROOT)/CHMeetupApp/Resources/Config/Info.plist";
				LD_RUNPATH_SEARCH_PATHS = "$(inherited) @executable_path/Frameworks";
				PRODUCT_BUNDLE_IDENTIFIER = cocoaheads.CHMeetupApp;
				PRODUCT_NAME = "$(TARGET_NAME)";
				SWIFT_VERSION = 3.0;
			};
			name = Debug;
		};
		9F6048A91E5B3CCB00C414C3 /* Release */ = {
			isa = XCBuildConfiguration;
			buildSettings = {
				ASSETCATALOG_COMPILER_APPICON_NAME = AppIcon;
				DEVELOPMENT_TEAM = KH2KDZEEE3;
				FRAMEWORK_SEARCH_PATHS = (
					"$(inherited)",
					"$(PROJECT_DIR)/Carthage/Build/iOS",
				);
				INFOPLIST_FILE = "$(SRCROOT)/CHMeetupApp/Resources/Config/Info.plist";
				LD_RUNPATH_SEARCH_PATHS = "$(inherited) @executable_path/Frameworks";
				PRODUCT_BUNDLE_IDENTIFIER = cocoaheads.CHMeetupApp;
				PRODUCT_NAME = "$(TARGET_NAME)";
				SWIFT_VERSION = 3.0;
			};
			name = Release;
		};
/* End XCBuildConfiguration section */

/* Begin XCConfigurationList section */
		9F6048901E5B3CCB00C414C3 /* Build configuration list for PBXProject "CHMeetupApp" */ = {
			isa = XCConfigurationList;
			buildConfigurations = (
				9F6048A51E5B3CCB00C414C3 /* Debug */,
				9F6048A61E5B3CCB00C414C3 /* Release */,
			);
			defaultConfigurationIsVisible = 0;
			defaultConfigurationName = Release;
		};
		9F6048A71E5B3CCB00C414C3 /* Build configuration list for PBXNativeTarget "CHMeetupApp" */ = {
			isa = XCConfigurationList;
			buildConfigurations = (
				9F6048A81E5B3CCB00C414C3 /* Debug */,
				9F6048A91E5B3CCB00C414C3 /* Release */,
			);
			defaultConfigurationIsVisible = 0;
			defaultConfigurationName = Release;
		};
/* End XCConfigurationList section */
	};
	rootObject = 9F60488D1E5B3CCB00C414C3 /* Project object */;
}
