// !$*UTF8*$!
{
	archiveVersion = 1;
	classes = {
	};
	objectVersion = 46;
	objects = {

/* Begin PBXBuildFile section */
		035A76B41E5F230100B87501 /* Storyboards.swift in Sources */ = {isa = PBXBuildFile; fileRef = 035A76B31E5F230100B87501 /* Storyboards.swift */; };
		0389AF621E660CFD00DCB4C7 /* CHTextView.swift in Sources */ = {isa = PBXBuildFile; fileRef = 0389AF611E660CFD00DCB4C7 /* CHTextView.swift */; };
		221F4F9C1E5C0B6C0009FD07 /* Assets.xcassets in Resources */ = {isa = PBXBuildFile; fileRef = 221F4F871E5C0B6C0009FD07 /* Assets.xcassets */; };
		221F4F9E1E5C0B6C0009FD07 /* LaunchScreen.storyboard in Resources */ = {isa = PBXBuildFile; fileRef = 221F4F8D1E5C0B6C0009FD07 /* LaunchScreen.storyboard */; };
		4D08815B1E64200B004812E5 /* DateComponents+Init.swift in Sources */ = {isa = PBXBuildFile; fileRef = 4D08815A1E64200B004812E5 /* DateComponents+Init.swift */; };
		4D890B591E5EEFE00038CCC9 /* ImportController.swift in Sources */ = {isa = PBXBuildFile; fileRef = 4D890B581E5EEFE00038CCC9 /* ImportController.swift */; };
		4D99A5441E61E398009E3E0E /* EventPO.swift in Sources */ = {isa = PBXBuildFile; fileRef = 4D99A5431E61E398009E3E0E /* EventPO.swift */; };
		4DA530251E5FCDB900CD74EB /* Main.storyboard in Resources */ = {isa = PBXBuildFile; fileRef = 4DA530241E5FCDB900CD74EB /* Main.storyboard */; };
		8A6268291E60742B00D51BEB /* RealmSwift.framework in Frameworks */ = {isa = PBXBuildFile; fileRef = 8A6268281E60742B00D51BEB /* RealmSwift.framework */; };
		8A6268521E64568C00D51BEB /* Constants.swift in Sources */ = {isa = PBXBuildFile; fileRef = 8A6268511E64568C00D51BEB /* Constants.swift */; };
		8A6268541E64638500D51BEB /* LoginType.swift in Sources */ = {isa = PBXBuildFile; fileRef = 8A6268531E64638500D51BEB /* LoginType.swift */; };
		9F6048991E5B3CCB00C414C3 /* AppDelegate.swift in Sources */ = {isa = PBXBuildFile; fileRef = 9F6048981E5B3CCB00C414C3 /* AppDelegate.swift */; };
		9FD58FB71E5E304E00207199 /* EventPreview.storyboard in Resources */ = {isa = PBXBuildFile; fileRef = 9FD58FB61E5E304E00207199 /* EventPreview.storyboard */; };
		9FD58FB91E5E306800207199 /* Profile.storyboard in Resources */ = {isa = PBXBuildFile; fileRef = 9FD58FB81E5E306800207199 /* Profile.storyboard */; };
		9FD58FBE1E5E30AF00207199 /* TabBarViewController.swift in Sources */ = {isa = PBXBuildFile; fileRef = 9FD58FBD1E5E30AF00207199 /* TabBarViewController.swift */; };
		9FD58FC01E5E30F400207199 /* NavigationViewController.swift in Sources */ = {isa = PBXBuildFile; fileRef = 9FD58FBF1E5E30F400207199 /* NavigationViewController.swift */; };
		9FD58FC21E5E32E800207199 /* ProfileViewController.swift in Sources */ = {isa = PBXBuildFile; fileRef = 9FD58FC11E5E32E800207199 /* ProfileViewController.swift */; };
		9FD58FC61E5E32F900207199 /* ProfileEditViewController.swift in Sources */ = {isa = PBXBuildFile; fileRef = 9FD58FC51E5E32F900207199 /* ProfileEditViewController.swift */; };
		9FD58FC91E5E331600207199 /* ProfileCreateViewController.swift in Sources */ = {isa = PBXBuildFile; fileRef = 9FD58FC81E5E331600207199 /* ProfileCreateViewController.swift */; };
		9FD58FCC1E5E333C00207199 /* MainViewController.swift in Sources */ = {isa = PBXBuildFile; fileRef = 9FD58FCB1E5E333C00207199 /* MainViewController.swift */; };
		9FD58FCE1E5E334400207199 /* PastEventsViewController.swift in Sources */ = {isa = PBXBuildFile; fileRef = 9FD58FCD1E5E334400207199 /* PastEventsViewController.swift */; };
		9FD58FD31E5E336E00207199 /* EventPreviewViewController.swift in Sources */ = {isa = PBXBuildFile; fileRef = 9FD58FD21E5E336E00207199 /* EventPreviewViewController.swift */; };
		9FD58FD71E5E338A00207199 /* SpeechViewController.swift in Sources */ = {isa = PBXBuildFile; fileRef = 9FD58FD61E5E338A00207199 /* SpeechViewController.swift */; };
		9FD58FDA1E5E350300207199 /* GiveSpeechViewController.swift in Sources */ = {isa = PBXBuildFile; fileRef = 9FD58FD91E5E350300207199 /* GiveSpeechViewController.swift */; };
		9FD58FDE1E5E353900207199 /* RegistrationPreviewViewController.swift in Sources */ = {isa = PBXBuildFile; fileRef = 9FD58FDD1E5E353900207199 /* RegistrationPreviewViewController.swift */; };
		9FD58FE11E5E359F00207199 /* RegistrationConfirmViewController.swift in Sources */ = {isa = PBXBuildFile; fileRef = 9FD58FE01E5E359F00207199 /* RegistrationConfirmViewController.swift */; };
		9FD58FE31E5E3A8C00207199 /* ViewControllersFactory.swift in Sources */ = {isa = PBXBuildFile; fileRef = 9FD58FE21E5E3A8C00207199 /* ViewControllersFactory.swift */; };
		9FD58FE61E5E3EE000207199 /* ProfileNavigationViewController.swift in Sources */ = {isa = PBXBuildFile; fileRef = 9FD58FE51E5E3EE000207199 /* ProfileNavigationViewController.swift */; };
		9FD58FE81E5E3F4100207199 /* LoginProcessViewController.swift in Sources */ = {isa = PBXBuildFile; fileRef = 9FD58FE71E5E3F4100207199 /* LoginProcessViewController.swift */; };
		9FD58FEA1E5E409500207199 /* ProfileHierarhyViewControllerType.swift in Sources */ = {isa = PBXBuildFile; fileRef = 9FD58FE91E5E409500207199 /* ProfileHierarhyViewControllerType.swift */; };
		9FD590151E5F1AE700207199 /* MapAppType.swift in Sources */ = {isa = PBXBuildFile; fileRef = 9FD590131E5F1AE700207199 /* MapAppType.swift */; };
		9FD590161E5F1AE700207199 /* MapsController.swift in Sources */ = {isa = PBXBuildFile; fileRef = 9FD590141E5F1AE700207199 /* MapsController.swift */; };
		C3E466B91E5F1C4700728327 /* KeyboardHandler.swift in Sources */ = {isa = PBXBuildFile; fileRef = C3E466B81E5F1C4600728327 /* KeyboardHandler.swift */; };
		C3E466BD1E5F253500728327 /* UIViewController+keyboardDelegate.swift in Sources */ = {isa = PBXBuildFile; fileRef = C3E466BC1E5F253500728327 /* UIViewController+keyboardDelegate.swift */; };
/* End PBXBuildFile section */

/* Begin PBXFileReference section */
		035A76B31E5F230100B87501 /* Storyboards.swift */ = {isa = PBXFileReference; fileEncoding = 4; lastKnownFileType = sourcecode.swift; path = Storyboards.swift; sourceTree = "<group>"; };
		0389AF611E660CFD00DCB4C7 /* CHTextView.swift */ = {isa = PBXFileReference; fileEncoding = 4; lastKnownFileType = sourcecode.swift; path = CHTextView.swift; sourceTree = "<group>"; };
		221F4F871E5C0B6C0009FD07 /* Assets.xcassets */ = {isa = PBXFileReference; lastKnownFileType = folder.assetcatalog; path = Assets.xcassets; sourceTree = "<group>"; };
		221F4F8A1E5C0B6C0009FD07 /* Info.plist */ = {isa = PBXFileReference; fileEncoding = 4; lastKnownFileType = text.plist.xml; path = Info.plist; sourceTree = "<group>"; };
		221F4F8D1E5C0B6C0009FD07 /* LaunchScreen.storyboard */ = {isa = PBXFileReference; fileEncoding = 4; lastKnownFileType = file.storyboard; path = LaunchScreen.storyboard; sourceTree = "<group>"; };
		4D08815A1E64200B004812E5 /* DateComponents+Init.swift */ = {isa = PBXFileReference; fileEncoding = 4; lastKnownFileType = sourcecode.swift; name = "DateComponents+Init.swift"; path = "DateComponents/DateComponents+Init.swift"; sourceTree = "<group>"; };
		4D890B581E5EEFE00038CCC9 /* ImportController.swift */ = {isa = PBXFileReference; fileEncoding = 4; lastKnownFileType = sourcecode.swift; path = ImportController.swift; sourceTree = "<group>"; };
		4D99A5431E61E398009E3E0E /* EventPO.swift */ = {isa = PBXFileReference; fileEncoding = 4; lastKnownFileType = sourcecode.swift; path = EventPO.swift; sourceTree = "<group>"; };
		4DA530241E5FCDB900CD74EB /* Main.storyboard */ = {isa = PBXFileReference; fileEncoding = 4; lastKnownFileType = file.storyboard; path = Main.storyboard; sourceTree = "<group>"; };
		8A6268281E60742B00D51BEB /* RealmSwift.framework */ = {isa = PBXFileReference; lastKnownFileType = wrapper.framework; name = RealmSwift.framework; path = Carthage/Build/iOS/RealmSwift.framework; sourceTree = "<group>"; };
		8A6268511E64568C00D51BEB /* Constants.swift */ = {isa = PBXFileReference; fileEncoding = 4; lastKnownFileType = sourcecode.swift; path = Constants.swift; sourceTree = "<group>"; };
		8A6268531E64638500D51BEB /* LoginType.swift */ = {isa = PBXFileReference; fileEncoding = 4; lastKnownFileType = sourcecode.swift; name = LoginType.swift; path = Controllers/LoginType.swift; sourceTree = "<group>"; };
		9F6048951E5B3CCB00C414C3 /* CHMeetupApp.app */ = {isa = PBXFileReference; explicitFileType = wrapper.application; includeInIndex = 0; path = CHMeetupApp.app; sourceTree = BUILT_PRODUCTS_DIR; };
		9F6048981E5B3CCB00C414C3 /* AppDelegate.swift */ = {isa = PBXFileReference; lastKnownFileType = sourcecode.swift; path = AppDelegate.swift; sourceTree = "<group>"; };
		9FD58FB61E5E304E00207199 /* EventPreview.storyboard */ = {isa = PBXFileReference; fileEncoding = 4; lastKnownFileType = file.storyboard; path = EventPreview.storyboard; sourceTree = "<group>"; };
		9FD58FB81E5E306800207199 /* Profile.storyboard */ = {isa = PBXFileReference; fileEncoding = 4; lastKnownFileType = file.storyboard; path = Profile.storyboard; sourceTree = "<group>"; };
		9FD58FBD1E5E30AF00207199 /* TabBarViewController.swift */ = {isa = PBXFileReference; fileEncoding = 4; lastKnownFileType = sourcecode.swift; path = TabBarViewController.swift; sourceTree = "<group>"; };
		9FD58FBF1E5E30F400207199 /* NavigationViewController.swift */ = {isa = PBXFileReference; fileEncoding = 4; lastKnownFileType = sourcecode.swift; path = NavigationViewController.swift; sourceTree = "<group>"; };
		9FD58FC11E5E32E800207199 /* ProfileViewController.swift */ = {isa = PBXFileReference; fileEncoding = 4; lastKnownFileType = sourcecode.swift; path = ProfileViewController.swift; sourceTree = "<group>"; };
		9FD58FC51E5E32F900207199 /* ProfileEditViewController.swift */ = {isa = PBXFileReference; fileEncoding = 4; lastKnownFileType = sourcecode.swift; path = ProfileEditViewController.swift; sourceTree = "<group>"; };
		9FD58FC81E5E331600207199 /* ProfileCreateViewController.swift */ = {isa = PBXFileReference; fileEncoding = 4; lastKnownFileType = sourcecode.swift; path = ProfileCreateViewController.swift; sourceTree = "<group>"; };
		9FD58FCB1E5E333C00207199 /* MainViewController.swift */ = {isa = PBXFileReference; fileEncoding = 4; lastKnownFileType = sourcecode.swift; path = MainViewController.swift; sourceTree = "<group>"; };
		9FD58FCD1E5E334400207199 /* PastEventsViewController.swift */ = {isa = PBXFileReference; fileEncoding = 4; lastKnownFileType = sourcecode.swift; path = PastEventsViewController.swift; sourceTree = "<group>"; };
		9FD58FD21E5E336E00207199 /* EventPreviewViewController.swift */ = {isa = PBXFileReference; fileEncoding = 4; lastKnownFileType = sourcecode.swift; path = EventPreviewViewController.swift; sourceTree = "<group>"; };
		9FD58FD61E5E338A00207199 /* SpeechViewController.swift */ = {isa = PBXFileReference; fileEncoding = 4; lastKnownFileType = sourcecode.swift; path = SpeechViewController.swift; sourceTree = "<group>"; };
		9FD58FD91E5E350300207199 /* GiveSpeechViewController.swift */ = {isa = PBXFileReference; fileEncoding = 4; lastKnownFileType = sourcecode.swift; path = GiveSpeechViewController.swift; sourceTree = "<group>"; };
		9FD58FDD1E5E353900207199 /* RegistrationPreviewViewController.swift */ = {isa = PBXFileReference; fileEncoding = 4; lastKnownFileType = sourcecode.swift; path = RegistrationPreviewViewController.swift; sourceTree = "<group>"; };
		9FD58FE01E5E359F00207199 /* RegistrationConfirmViewController.swift */ = {isa = PBXFileReference; fileEncoding = 4; lastKnownFileType = sourcecode.swift; path = RegistrationConfirmViewController.swift; sourceTree = "<group>"; };
		9FD58FE21E5E3A8C00207199 /* ViewControllersFactory.swift */ = {isa = PBXFileReference; fileEncoding = 4; lastKnownFileType = sourcecode.swift; path = ViewControllersFactory.swift; sourceTree = "<group>"; };
		9FD58FE51E5E3EE000207199 /* ProfileNavigationViewController.swift */ = {isa = PBXFileReference; fileEncoding = 4; lastKnownFileType = sourcecode.swift; path = ProfileNavigationViewController.swift; sourceTree = "<group>"; };
		9FD58FE71E5E3F4100207199 /* LoginProcessViewController.swift */ = {isa = PBXFileReference; fileEncoding = 4; lastKnownFileType = sourcecode.swift; path = LoginProcessViewController.swift; sourceTree = "<group>"; };
		9FD58FE91E5E409500207199 /* ProfileHierarhyViewControllerType.swift */ = {isa = PBXFileReference; fileEncoding = 4; lastKnownFileType = sourcecode.swift; path = ProfileHierarhyViewControllerType.swift; sourceTree = "<group>"; };
		9FD590131E5F1AE700207199 /* MapAppType.swift */ = {isa = PBXFileReference; fileEncoding = 4; lastKnownFileType = sourcecode.swift; path = MapAppType.swift; sourceTree = "<group>"; };
		9FD590141E5F1AE700207199 /* MapsController.swift */ = {isa = PBXFileReference; fileEncoding = 4; lastKnownFileType = sourcecode.swift; path = MapsController.swift; sourceTree = "<group>"; };
		C3E466B81E5F1C4600728327 /* KeyboardHandler.swift */ = {isa = PBXFileReference; fileEncoding = 4; lastKnownFileType = sourcecode.swift; path = KeyboardHandler.swift; sourceTree = "<group>"; };
		C3E466BC1E5F253500728327 /* UIViewController+keyboardDelegate.swift */ = {isa = PBXFileReference; fileEncoding = 4; lastKnownFileType = sourcecode.swift; path = "UIViewController+keyboardDelegate.swift"; sourceTree = "<group>"; };
/* End PBXFileReference section */

/* Begin PBXFrameworksBuildPhase section */
		9F6048921E5B3CCB00C414C3 /* Frameworks */ = {
			isa = PBXFrameworksBuildPhase;
			buildActionMask = 2147483647;
			files = (
				8A6268291E60742B00D51BEB /* RealmSwift.framework in Frameworks */,
			);
			runOnlyForDeploymentPostprocessing = 0;
		};
/* End PBXFrameworksBuildPhase section */

/* Begin PBXGroup section */
		221F4F851E5C0B6C0009FD07 /* Resources */ = {
			isa = PBXGroup;
			children = (
				221F4F861E5C0B6C0009FD07 /* Assets */,
				221F4F891E5C0B6C0009FD07 /* Config */,
				221F4F8B1E5C0B6C0009FD07 /* Fonts */,
				221F4F8C1E5C0B6C0009FD07 /* Storyboards */,
			);
			path = Resources;
			sourceTree = "<group>";
		};
		221F4F861E5C0B6C0009FD07 /* Assets */ = {
			isa = PBXGroup;
			children = (
				221F4F871E5C0B6C0009FD07 /* Assets.xcassets */,
				221F4F881E5C0B6C0009FD07 /* Images */,
			);
			path = Assets;
			sourceTree = "<group>";
		};
		221F4F881E5C0B6C0009FD07 /* Images */ = {
			isa = PBXGroup;
			children = (
			);
			path = Images;
			sourceTree = "<group>";
		};
		221F4F891E5C0B6C0009FD07 /* Config */ = {
			isa = PBXGroup;
			children = (
				8A6268511E64568C00D51BEB /* Constants.swift */,
				221F4F8A1E5C0B6C0009FD07 /* Info.plist */,
			);
			path = Config;
			sourceTree = "<group>";
		};
		221F4F8B1E5C0B6C0009FD07 /* Fonts */ = {
			isa = PBXGroup;
			children = (
			);
			path = Fonts;
			sourceTree = "<group>";
		};
		221F4F8C1E5C0B6C0009FD07 /* Storyboards */ = {
			isa = PBXGroup;
			children = (
				035A76B31E5F230100B87501 /* Storyboards.swift */,
				9FD58FBA1E5E307800207199 /* Launch */,
				9FD58FB61E5E304E00207199 /* EventPreview.storyboard */,
				4DA530241E5FCDB900CD74EB /* Main.storyboard */,
				9FD58FB81E5E306800207199 /* Profile.storyboard */,
			);
			path = Storyboards;
			sourceTree = "<group>";
		};
		221F4F8F1E5C0B6C0009FD07 /* Sources */ = {
			isa = PBXGroup;
			children = (
				221F4F901E5C0B6C0009FD07 /* Common */,
				221F4F941E5C0B6C0009FD07 /* Controllers */,
				221F4F951E5C0B6C0009FD07 /* Model */,
				221F4F9A1E5C0B6C0009FD07 /* ViewControllers+Cells */,
			);
			path = Sources;
			sourceTree = "<group>";
		};
		221F4F901E5C0B6C0009FD07 /* Common */ = {
			isa = PBXGroup;
			children = (
				221F4F911E5C0B6C0009FD07 /* Classes */,
				221F4F921E5C0B6C0009FD07 /* Extensions */,
				221F4F931E5C0B6C0009FD07 /* Views */,
			);
			path = Common;
			sourceTree = "<group>";
		};
		221F4F911E5C0B6C0009FD07 /* Classes */ = {
			isa = PBXGroup;
			children = (
				4D890B581E5EEFE00038CCC9 /* ImportController.swift */,
				C3E466B81E5F1C4600728327 /* KeyboardHandler.swift */,
			);
			path = Classes;
			sourceTree = "<group>";
		};
		221F4F921E5C0B6C0009FD07 /* Extensions */ = {
			isa = PBXGroup;
			children = (
				4D0881591E641FE3004812E5 /* DateComponents */,
				C3E466BC1E5F253500728327 /* UIViewController+keyboardDelegate.swift */,
			);
			path = Extensions;
			sourceTree = "<group>";
		};
		221F4F931E5C0B6C0009FD07 /* Views */ = {
			isa = PBXGroup;
			children = (
				0389AF611E660CFD00DCB4C7 /* CHTextView.swift */,
			);
			path = Views;
			sourceTree = "<group>";
		};
		221F4F941E5C0B6C0009FD07 /* Controllers */ = {
			isa = PBXGroup;
			children = (
				9FD58FE21E5E3A8C00207199 /* ViewControllersFactory.swift */,
				9FD58FE71E5E3F4100207199 /* LoginProcessViewController.swift */,
				8A6268551E64639700D51BEB /* Login */,
				9FD590121E5F1ADD00207199 /* Maps */,
			);
			path = Controllers;
			sourceTree = "<group>";
		};
		221F4F951E5C0B6C0009FD07 /* Model */ = {
			isa = PBXGroup;
			children = (
				221F4F961E5C0B6C0009FD07 /* Entities */,
				221F4F971E5C0B6C0009FD07 /* Helpers */,
				221F4F981E5C0B6C0009FD07 /* PO */,
				221F4F991E5C0B6C0009FD07 /* Runtime */,
			);
			path = Model;
			sourceTree = "<group>";
		};
		221F4F961E5C0B6C0009FD07 /* Entities */ = {
			isa = PBXGroup;
			children = (
			);
			path = Entities;
			sourceTree = "<group>";
		};
		221F4F971E5C0B6C0009FD07 /* Helpers */ = {
			isa = PBXGroup;
			children = (
			);
			path = Helpers;
			sourceTree = "<group>";
		};
		221F4F981E5C0B6C0009FD07 /* PO */ = {
			isa = PBXGroup;
			children = (
				4D99A5431E61E398009E3E0E /* EventPO.swift */,
			);
			path = PO;
			sourceTree = "<group>";
		};
		221F4F991E5C0B6C0009FD07 /* Runtime */ = {
			isa = PBXGroup;
			children = (
			);
			path = Runtime;
			sourceTree = "<group>";
		};
		221F4F9A1E5C0B6C0009FD07 /* ViewControllers+Cells */ = {
			isa = PBXGroup;
			children = (
				9FD58FBC1E5E309C00207199 /* Base */,
				9FD58FD11E5E336000207199 /* Events */,
				9FD58FCA1E5E332B00207199 /* Feed */,
				9FD58FBB1E5E309900207199 /* Profile */,
			);
			path = "ViewControllers+Cells";
			sourceTree = "<group>";
		};
		4D0881591E641FE3004812E5 /* DateComponents */ = {
			isa = PBXGroup;
			children = (
				4D08815A1E64200B004812E5 /* DateComponents+Init.swift */,
			);
			name = DateComponents;
			sourceTree = "<group>";
		};
		8A6268271E60742B00D51BEB /* Frameworks */ = {
			isa = PBXGroup;
			children = (
				8A6268281E60742B00D51BEB /* RealmSwift.framework */,
			);
			name = Frameworks;
			sourceTree = "<group>";
		};
		8A6268551E64639700D51BEB /* Login */ = {
			isa = PBXGroup;
			children = (
				8A6268531E64638500D51BEB /* LoginType.swift */,
			);
			name = Login;
			path = ..;
			sourceTree = "<group>";
		};
		9F60488C1E5B3CCB00C414C3 = {
			isa = PBXGroup;
			children = (
				9F6048971E5B3CCB00C414C3 /* CHMeetupApp */,
				9F6048961E5B3CCB00C414C3 /* Products */,
				8A6268271E60742B00D51BEB /* Frameworks */,
			);
			sourceTree = "<group>";
		};
		9F6048961E5B3CCB00C414C3 /* Products */ = {
			isa = PBXGroup;
			children = (
				9F6048951E5B3CCB00C414C3 /* CHMeetupApp.app */,
			);
			name = Products;
			sourceTree = "<group>";
		};
		9F6048971E5B3CCB00C414C3 /* CHMeetupApp */ = {
			isa = PBXGroup;
			children = (
				9F6048981E5B3CCB00C414C3 /* AppDelegate.swift */,
				221F4F8F1E5C0B6C0009FD07 /* Sources */,
				221F4F851E5C0B6C0009FD07 /* Resources */,
			);
			path = CHMeetupApp;
			sourceTree = "<group>";
		};
		9FD58FBA1E5E307800207199 /* Launch */ = {
			isa = PBXGroup;
			children = (
				221F4F8D1E5C0B6C0009FD07 /* LaunchScreen.storyboard */,
			);
			name = Launch;
			sourceTree = "<group>";
		};
		9FD58FBB1E5E309900207199 /* Profile */ = {
			isa = PBXGroup;
			children = (
				9FD58FEB1E5E409A00207199 /* Protocols */,
				9FD58FE41E5E3EC500207199 /* NavigationController */,
				9FD58FD81E5E34F500207199 /* GiveSpeech */,
				9FD58FC71E5E330C00207199 /* Create */,
				9FD58FC41E5E32F100207199 /* Edit */,
				9FD58FC31E5E32EB00207199 /* Preview */,
			);
			name = Profile;
			sourceTree = "<group>";
		};
		9FD58FBC1E5E309C00207199 /* Base */ = {
			isa = PBXGroup;
			children = (
				9FD58FBD1E5E30AF00207199 /* TabBarViewController.swift */,
				9FD58FBF1E5E30F400207199 /* NavigationViewController.swift */,
			);
			name = Base;
			sourceTree = "<group>";
		};
		9FD58FC31E5E32EB00207199 /* Preview */ = {
			isa = PBXGroup;
			children = (
				9FD58FC11E5E32E800207199 /* ProfileViewController.swift */,
			);
			name = Preview;
			sourceTree = "<group>";
		};
		9FD58FC41E5E32F100207199 /* Edit */ = {
			isa = PBXGroup;
			children = (
				9FD58FC51E5E32F900207199 /* ProfileEditViewController.swift */,
			);
			name = Edit;
			sourceTree = "<group>";
		};
		9FD58FC71E5E330C00207199 /* Create */ = {
			isa = PBXGroup;
			children = (
				9FD58FC81E5E331600207199 /* ProfileCreateViewController.swift */,
			);
			name = Create;
			sourceTree = "<group>";
		};
		9FD58FCA1E5E332B00207199 /* Feed */ = {
			isa = PBXGroup;
			children = (
				9FD58FCF1E5E334F00207199 /* Main */,
				9FD58FD01E5E335400207199 /* Past Events */,
			);
			name = Feed;
			sourceTree = "<group>";
		};
		9FD58FCF1E5E334F00207199 /* Main */ = {
			isa = PBXGroup;
			children = (
				9FD58FCB1E5E333C00207199 /* MainViewController.swift */,
			);
			name = Main;
			sourceTree = "<group>";
		};
		9FD58FD01E5E335400207199 /* Past Events */ = {
			isa = PBXGroup;
			children = (
				9FD58FCD1E5E334400207199 /* PastEventsViewController.swift */,
			);
			name = "Past Events";
			sourceTree = "<group>";
		};
		9FD58FD11E5E336000207199 /* Events */ = {
			isa = PBXGroup;
			children = (
				9FD58FDB1E5E351100207199 /* Registration */,
				9FD58FD51E5E337A00207199 /* Speech */,
				9FD58FD41E5E337100207199 /* EventPreview */,
			);
			name = Events;
			sourceTree = "<group>";
		};
		9FD58FD41E5E337100207199 /* EventPreview */ = {
			isa = PBXGroup;
			children = (
				9FD58FD21E5E336E00207199 /* EventPreviewViewController.swift */,
			);
			name = EventPreview;
			sourceTree = "<group>";
		};
		9FD58FD51E5E337A00207199 /* Speech */ = {
			isa = PBXGroup;
			children = (
				9FD58FD61E5E338A00207199 /* SpeechViewController.swift */,
			);
			name = Speech;
			sourceTree = "<group>";
		};
		9FD58FD81E5E34F500207199 /* GiveSpeech */ = {
			isa = PBXGroup;
			children = (
				9FD58FD91E5E350300207199 /* GiveSpeechViewController.swift */,
			);
			name = GiveSpeech;
			sourceTree = "<group>";
		};
		9FD58FDB1E5E351100207199 /* Registration */ = {
			isa = PBXGroup;
			children = (
				9FD58FDF1E5E353C00207199 /* Confirm */,
				9FD58FDC1E5E352500207199 /* Preview */,
			);
			name = Registration;
			sourceTree = "<group>";
		};
		9FD58FDC1E5E352500207199 /* Preview */ = {
			isa = PBXGroup;
			children = (
				9FD58FDD1E5E353900207199 /* RegistrationPreviewViewController.swift */,
			);
			name = Preview;
			sourceTree = "<group>";
		};
		9FD58FDF1E5E353C00207199 /* Confirm */ = {
			isa = PBXGroup;
			children = (
				9FD58FE01E5E359F00207199 /* RegistrationConfirmViewController.swift */,
			);
			name = Confirm;
			sourceTree = "<group>";
		};
		9FD58FE41E5E3EC500207199 /* NavigationController */ = {
			isa = PBXGroup;
			children = (
				9FD58FE51E5E3EE000207199 /* ProfileNavigationViewController.swift */,
			);
			name = NavigationController;
			sourceTree = "<group>";
		};
		9FD58FEB1E5E409A00207199 /* Protocols */ = {
			isa = PBXGroup;
			children = (
				9FD58FE91E5E409500207199 /* ProfileHierarhyViewControllerType.swift */,
			);
			name = Protocols;
			sourceTree = "<group>";
		};
		9FD590121E5F1ADD00207199 /* Maps */ = {
			isa = PBXGroup;
			children = (
				9FD590131E5F1AE700207199 /* MapAppType.swift */,
				9FD590141E5F1AE700207199 /* MapsController.swift */,
			);
			name = Maps;
			sourceTree = "<group>";
		};
/* End PBXGroup section */

/* Begin PBXNativeTarget section */
		9F6048941E5B3CCB00C414C3 /* CHMeetupApp */ = {
			isa = PBXNativeTarget;
			buildConfigurationList = 9F6048A71E5B3CCB00C414C3 /* Build configuration list for PBXNativeTarget "CHMeetupApp" */;
			buildPhases = (
				9F6048911E5B3CCB00C414C3 /* Sources */,
				9F6048921E5B3CCB00C414C3 /* Frameworks */,
				9F6048931E5B3CCB00C414C3 /* Resources */,
				8A3B15DB1E5E37BE008DD430 /* Run Script Swiftlint */,
				035A76421E5EF46000B87501 /* Run Script Natalie */,
				8A62682A1E60744D00D51BEB /* Run Script Carthage */,
			);
			buildRules = (
			);
			dependencies = (
			);
			name = CHMeetupApp;
			productName = CHMeetupApp;
			productReference = 9F6048951E5B3CCB00C414C3 /* CHMeetupApp.app */;
			productType = "com.apple.product-type.application";
		};
/* End PBXNativeTarget section */

/* Begin PBXProject section */
		9F60488D1E5B3CCB00C414C3 /* Project object */ = {
			isa = PBXProject;
			attributes = {
				LastSwiftUpdateCheck = 0820;
				LastUpgradeCheck = 0820;
				ORGANIZATIONNAME = "CocoaHeads Comunity";
				TargetAttributes = {
					9F6048941E5B3CCB00C414C3 = {
						CreatedOnToolsVersion = 8.2.1;
						DevelopmentTeam = KH2KDZEEE3;
						ProvisioningStyle = Automatic;
					};
				};
			};
			buildConfigurationList = 9F6048901E5B3CCB00C414C3 /* Build configuration list for PBXProject "CHMeetupApp" */;
			compatibilityVersion = "Xcode 3.2";
			developmentRegion = English;
			hasScannedForEncodings = 0;
			knownRegions = (
				en,
				Base,
			);
			mainGroup = 9F60488C1E5B3CCB00C414C3;
			productRefGroup = 9F6048961E5B3CCB00C414C3 /* Products */;
			projectDirPath = "";
			projectRoot = "";
			targets = (
				9F6048941E5B3CCB00C414C3 /* CHMeetupApp */,
			);
		};
/* End PBXProject section */

/* Begin PBXResourcesBuildPhase section */
		9F6048931E5B3CCB00C414C3 /* Resources */ = {
			isa = PBXResourcesBuildPhase;
			buildActionMask = 2147483647;
			files = (
				9FD58FB91E5E306800207199 /* Profile.storyboard in Resources */,
				4DA530251E5FCDB900CD74EB /* Main.storyboard in Resources */,
				9FD58FB71E5E304E00207199 /* EventPreview.storyboard in Resources */,
				221F4F9E1E5C0B6C0009FD07 /* LaunchScreen.storyboard in Resources */,
				221F4F9C1E5C0B6C0009FD07 /* Assets.xcassets in Resources */,
			);
			runOnlyForDeploymentPostprocessing = 0;
		};
/* End PBXResourcesBuildPhase section */

/* Begin PBXShellScriptBuildPhase section */
		035A76421E5EF46000B87501 /* Run Script Natalie */ = {
			isa = PBXShellScriptBuildPhase;
			buildActionMask = 2147483647;
			files = (
			);
			inputPaths = (
			);
			name = "Run Script Natalie";
			outputPaths = (
			);
			runOnlyForDeploymentPostprocessing = 0;
			shellPath = /bin/sh;
			shellScript = "echo \"Natalie Generator: Determining if generated Swift file is up-to-date.\"\n\n# Adjust path to \"natalie\" binary\n# NATALIE_PATH=\"$PROJECT_DIR/natalie\"\nNATALIE_PATH=\"/usr/local/bin/natalie\"\n\nif [ -f $NATALIE_PATH ]; then\nBASE_PATH=\"$PROJECT_DIR/$PROJECT_NAME\"\nOUTPUT_PATH=\"$BASE_PATH/Resources/Storyboards/Storyboards.swift\"\n\nif [ ! -e \"$OUTPUT_PATH\" ] || [ -n \"$(find \"$BASE_PATH\" -type f -name \"*.storyboard\" -newer \"$OUTPUT_PATH\" -print -quit)\" ]; then\necho \"Natalie Generator: Generated Swift is out-of-date; re-generating...\"\n\n/usr/bin/chflags nouchg \"$OUTPUT_PATH\"\n\"$NATALIE_PATH\" \"$BASE_PATH\" > \"$OUTPUT_PATH\"\n/usr/bin/chflags uchg \"$OUTPUT_PATH\"\n\necho \"Natalie Generator: Done.\"\nelse\necho \"Natalie Generator: Generated Swift is up-to-date; skipping re-generation.\"\nfi\nfi";
		};
		8A3B15DB1E5E37BE008DD430 /* Run Script Swiftlint */ = {
			isa = PBXShellScriptBuildPhase;
			buildActionMask = 2147483647;
			files = (
			);
			inputPaths = (
			);
			name = "Run Script Swiftlint";
			outputPaths = (
			);
			runOnlyForDeploymentPostprocessing = 0;
			shellPath = /bin/sh;
			shellScript = "if which swiftlint >/dev/null; then\nswiftlint\nelse\necho \"warning: SwiftLint not installed, download from https://github.com/realm/SwiftLint\"\nfi";
		};
		8A62682A1E60744D00D51BEB /* Run Script Carthage */ = {
			isa = PBXShellScriptBuildPhase;
			buildActionMask = 2147483647;
			files = (
			);
			inputPaths = (
				"$(SRCROOT)/Carthage/Build/iOS/Realm.framework",
				"$(SRCROOT)/Carthage/Build/iOS/RealmSwift.framework",
			);
			name = "Run Script Carthage";
			outputPaths = (
			);
			runOnlyForDeploymentPostprocessing = 0;
			shellPath = /bin/sh;
			shellScript = "/usr/local/bin/carthage copy-frameworks";
		};
/* End PBXShellScriptBuildPhase section */

/* Begin PBXSourcesBuildPhase section */
		9F6048911E5B3CCB00C414C3 /* Sources */ = {
			isa = PBXSourcesBuildPhase;
			buildActionMask = 2147483647;
			files = (
				4D890B591E5EEFE00038CCC9 /* ImportController.swift in Sources */,
				C3E466BD1E5F253500728327 /* UIViewController+keyboardDelegate.swift in Sources */,
				C3E466B91E5F1C4700728327 /* KeyboardHandler.swift in Sources */,
				9FD58FEA1E5E409500207199 /* ProfileHierarhyViewControllerType.swift in Sources */,
				9FD58FCC1E5E333C00207199 /* MainViewController.swift in Sources */,
				9FD58FE11E5E359F00207199 /* RegistrationConfirmViewController.swift in Sources */,
				0389AF621E660CFD00DCB4C7 /* CHTextView.swift in Sources */,
				9FD58FC01E5E30F400207199 /* NavigationViewController.swift in Sources */,
				8A6268521E64568C00D51BEB /* Constants.swift in Sources */,
				9FD58FC61E5E32F900207199 /* ProfileEditViewController.swift in Sources */,
				9FD58FE81E5E3F4100207199 /* LoginProcessViewController.swift in Sources */,
				035A76B41E5F230100B87501 /* Storyboards.swift in Sources */,
				4D08815B1E64200B004812E5 /* DateComponents+Init.swift in Sources */,
				4D99A5441E61E398009E3E0E /* EventPO.swift in Sources */,
				9FD58FC91E5E331600207199 /* ProfileCreateViewController.swift in Sources */,
				9FD58FBE1E5E30AF00207199 /* TabBarViewController.swift in Sources */,
				9FD58FCE1E5E334400207199 /* PastEventsViewController.swift in Sources */,
				8A6268541E64638500D51BEB /* LoginType.swift in Sources */,
				9FD58FDE1E5E353900207199 /* RegistrationPreviewViewController.swift in Sources */,
				9FD58FD71E5E338A00207199 /* SpeechViewController.swift in Sources */,
				9FD58FE61E5E3EE000207199 /* ProfileNavigationViewController.swift in Sources */,
				9FD58FD31E5E336E00207199 /* EventPreviewViewController.swift in Sources */,
				9FD58FDA1E5E350300207199 /* GiveSpeechViewController.swift in Sources */,
				9FD58FC21E5E32E800207199 /* ProfileViewController.swift in Sources */,
				9FD590161E5F1AE700207199 /* MapsController.swift in Sources */,
				9F6048991E5B3CCB00C414C3 /* AppDelegate.swift in Sources */,
				9FD58FE31E5E3A8C00207199 /* ViewControllersFactory.swift in Sources */,
				9FD590151E5F1AE700207199 /* MapAppType.swift in Sources */,
			);
			runOnlyForDeploymentPostprocessing = 0;
		};
/* End PBXSourcesBuildPhase section */

/* Begin XCBuildConfiguration section */
		9F6048A51E5B3CCB00C414C3 /* Debug */ = {
			isa = XCBuildConfiguration;
			buildSettings = {
				ALWAYS_SEARCH_USER_PATHS = NO;
				CLANG_ANALYZER_NONNULL = YES;
				CLANG_CXX_LANGUAGE_STANDARD = "gnu++0x";
				CLANG_CXX_LIBRARY = "libc++";
				CLANG_ENABLE_MODULES = YES;
				CLANG_ENABLE_OBJC_ARC = YES;
				CLANG_WARN_BOOL_CONVERSION = YES;
				CLANG_WARN_CONSTANT_CONVERSION = YES;
				CLANG_WARN_DIRECT_OBJC_ISA_USAGE = YES_ERROR;
				CLANG_WARN_DOCUMENTATION_COMMENTS = YES;
				CLANG_WARN_EMPTY_BODY = YES;
				CLANG_WARN_ENUM_CONVERSION = YES;
				CLANG_WARN_INFINITE_RECURSION = YES;
				CLANG_WARN_INT_CONVERSION = YES;
				CLANG_WARN_OBJC_ROOT_CLASS = YES_ERROR;
				CLANG_WARN_SUSPICIOUS_MOVE = YES;
				CLANG_WARN_UNREACHABLE_CODE = YES;
				CLANG_WARN__DUPLICATE_METHOD_MATCH = YES;
				"CODE_SIGN_IDENTITY[sdk=iphoneos*]" = "iPhone Developer";
				COPY_PHASE_STRIP = NO;
				DEBUG_INFORMATION_FORMAT = dwarf;
				ENABLE_STRICT_OBJC_MSGSEND = YES;
				ENABLE_TESTABILITY = YES;
				GCC_C_LANGUAGE_STANDARD = gnu99;
				GCC_DYNAMIC_NO_PIC = NO;
				GCC_NO_COMMON_BLOCKS = YES;
				GCC_OPTIMIZATION_LEVEL = 0;
				GCC_PREPROCESSOR_DEFINITIONS = (
					"DEBUG=1",
					"$(inherited)",
				);
				GCC_WARN_64_TO_32_BIT_CONVERSION = YES;
				GCC_WARN_ABOUT_RETURN_TYPE = YES_ERROR;
				GCC_WARN_UNDECLARED_SELECTOR = YES;
				GCC_WARN_UNINITIALIZED_AUTOS = YES_AGGRESSIVE;
				GCC_WARN_UNUSED_FUNCTION = YES;
				GCC_WARN_UNUSED_VARIABLE = YES;
				IPHONEOS_DEPLOYMENT_TARGET = 10.2;
				MTL_ENABLE_DEBUG_INFO = YES;
				ONLY_ACTIVE_ARCH = YES;
				SDKROOT = iphoneos;
				SWIFT_ACTIVE_COMPILATION_CONDITIONS = DEBUG;
				SWIFT_OPTIMIZATION_LEVEL = "-Onone";
			};
			name = Debug;
		};
		9F6048A61E5B3CCB00C414C3 /* Release */ = {
			isa = XCBuildConfiguration;
			buildSettings = {
				ALWAYS_SEARCH_USER_PATHS = NO;
				CLANG_ANALYZER_NONNULL = YES;
				CLANG_CXX_LANGUAGE_STANDARD = "gnu++0x";
				CLANG_CXX_LIBRARY = "libc++";
				CLANG_ENABLE_MODULES = YES;
				CLANG_ENABLE_OBJC_ARC = YES;
				CLANG_WARN_BOOL_CONVERSION = YES;
				CLANG_WARN_CONSTANT_CONVERSION = YES;
				CLANG_WARN_DIRECT_OBJC_ISA_USAGE = YES_ERROR;
				CLANG_WARN_DOCUMENTATION_COMMENTS = YES;
				CLANG_WARN_EMPTY_BODY = YES;
				CLANG_WARN_ENUM_CONVERSION = YES;
				CLANG_WARN_INFINITE_RECURSION = YES;
				CLANG_WARN_INT_CONVERSION = YES;
				CLANG_WARN_OBJC_ROOT_CLASS = YES_ERROR;
				CLANG_WARN_SUSPICIOUS_MOVE = YES;
				CLANG_WARN_UNREACHABLE_CODE = YES;
				CLANG_WARN__DUPLICATE_METHOD_MATCH = YES;
				"CODE_SIGN_IDENTITY[sdk=iphoneos*]" = "iPhone Developer";
				COPY_PHASE_STRIP = NO;
				DEBUG_INFORMATION_FORMAT = "dwarf-with-dsym";
				ENABLE_NS_ASSERTIONS = NO;
				ENABLE_STRICT_OBJC_MSGSEND = YES;
				GCC_C_LANGUAGE_STANDARD = gnu99;
				GCC_NO_COMMON_BLOCKS = YES;
				GCC_WARN_64_TO_32_BIT_CONVERSION = YES;
				GCC_WARN_ABOUT_RETURN_TYPE = YES_ERROR;
				GCC_WARN_UNDECLARED_SELECTOR = YES;
				GCC_WARN_UNINITIALIZED_AUTOS = YES_AGGRESSIVE;
				GCC_WARN_UNUSED_FUNCTION = YES;
				GCC_WARN_UNUSED_VARIABLE = YES;
				IPHONEOS_DEPLOYMENT_TARGET = 10.2;
				MTL_ENABLE_DEBUG_INFO = NO;
				SDKROOT = iphoneos;
				SWIFT_OPTIMIZATION_LEVEL = "-Owholemodule";
				VALIDATE_PRODUCT = YES;
			};
			name = Release;
		};
		9F6048A81E5B3CCB00C414C3 /* Debug */ = {
			isa = XCBuildConfiguration;
			buildSettings = {
				ASSETCATALOG_COMPILER_APPICON_NAME = AppIcon;
				DEVELOPMENT_TEAM = KH2KDZEEE3;
				FRAMEWORK_SEARCH_PATHS = (
					"$(inherited)",
					"$(PROJECT_DIR)/Carthage/Build/iOS",
				);
				INFOPLIST_FILE = "$(SRCROOT)/CHMeetupApp/Resources/Config/Info.plist";
				LD_RUNPATH_SEARCH_PATHS = "$(inherited) @executable_path/Frameworks";
				PRODUCT_BUNDLE_IDENTIFIER = cocoaheads.CHMeetupApp;
				PRODUCT_NAME = "$(TARGET_NAME)";
				SWIFT_VERSION = 3.0;
			};
			name = Debug;
		};
		9F6048A91E5B3CCB00C414C3 /* Release */ = {
			isa = XCBuildConfiguration;
			buildSettings = {
				ASSETCATALOG_COMPILER_APPICON_NAME = AppIcon;
				DEVELOPMENT_TEAM = KH2KDZEEE3;
				FRAMEWORK_SEARCH_PATHS = (
					"$(inherited)",
					"$(PROJECT_DIR)/Carthage/Build/iOS",
				);
				INFOPLIST_FILE = "$(SRCROOT)/CHMeetupApp/Resources/Config/Info.plist";
				LD_RUNPATH_SEARCH_PATHS = "$(inherited) @executable_path/Frameworks";
				PRODUCT_BUNDLE_IDENTIFIER = cocoaheads.CHMeetupApp;
				PRODUCT_NAME = "$(TARGET_NAME)";
				SWIFT_VERSION = 3.0;
			};
			name = Release;
		};
/* End XCBuildConfiguration section */

/* Begin XCConfigurationList section */
		9F6048901E5B3CCB00C414C3 /* Build configuration list for PBXProject "CHMeetupApp" */ = {
			isa = XCConfigurationList;
			buildConfigurations = (
				9F6048A51E5B3CCB00C414C3 /* Debug */,
				9F6048A61E5B3CCB00C414C3 /* Release */,
			);
			defaultConfigurationIsVisible = 0;
			defaultConfigurationName = Release;
		};
		9F6048A71E5B3CCB00C414C3 /* Build configuration list for PBXNativeTarget "CHMeetupApp" */ = {
			isa = XCConfigurationList;
			buildConfigurations = (
				9F6048A81E5B3CCB00C414C3 /* Debug */,
				9F6048A91E5B3CCB00C414C3 /* Release */,
			);
			defaultConfigurationIsVisible = 0;
			defaultConfigurationName = Release;
		};
/* End XCConfigurationList section */
	};
	rootObject = 9F60488D1E5B3CCB00C414C3 /* Project object */;
}
