// !$*UTF8*$!
{
	archiveVersion = 1;
	classes = {
	};
	objectVersion = 46;
	objects = {

/* Begin PBXBuildFile section */
		035A76B21E5F047000B87501 /* Storyboards.swift in Sources */ = {isa = PBXBuildFile; fileRef = 035A76B11E5F047000B87501 /* Storyboards.swift */; };
		221F4F9C1E5C0B6C0009FD07 /* Assets.xcassets in Resources */ = {isa = PBXBuildFile; fileRef = 221F4F871E5C0B6C0009FD07 /* Assets.xcassets */; };
		221F4F9E1E5C0B6C0009FD07 /* LaunchScreen.storyboard in Resources */ = {isa = PBXBuildFile; fileRef = 221F4F8D1E5C0B6C0009FD07 /* LaunchScreen.storyboard */; };
		221F4F9F1E5C0B6C0009FD07 /* Main.storyboard in Resources */ = {isa = PBXBuildFile; fileRef = 221F4F8E1E5C0B6C0009FD07 /* Main.storyboard */; };
		221F4FA01E5C0B6C0009FD07 /* ViewController.swift in Sources */ = {isa = PBXBuildFile; fileRef = 221F4F9B1E5C0B6C0009FD07 /* ViewController.swift */; };
		9F6048991E5B3CCB00C414C3 /* AppDelegate.swift in Sources */ = {isa = PBXBuildFile; fileRef = 9F6048981E5B3CCB00C414C3 /* AppDelegate.swift */; };
/* End PBXBuildFile section */

/* Begin PBXFileReference section */
		035A76B11E5F047000B87501 /* Storyboards.swift */ = {isa = PBXFileReference; fileEncoding = 4; lastKnownFileType = sourcecode.swift; path = Storyboards.swift; sourceTree = "<group>"; };
		221F4F871E5C0B6C0009FD07 /* Assets.xcassets */ = {isa = PBXFileReference; lastKnownFileType = folder.assetcatalog; path = Assets.xcassets; sourceTree = "<group>"; };
		221F4F8A1E5C0B6C0009FD07 /* Info.plist */ = {isa = PBXFileReference; fileEncoding = 4; lastKnownFileType = text.plist.xml; path = Info.plist; sourceTree = "<group>"; };
		221F4F8D1E5C0B6C0009FD07 /* LaunchScreen.storyboard */ = {isa = PBXFileReference; fileEncoding = 4; lastKnownFileType = file.storyboard; path = LaunchScreen.storyboard; sourceTree = "<group>"; };
		221F4F8E1E5C0B6C0009FD07 /* Main.storyboard */ = {isa = PBXFileReference; fileEncoding = 4; lastKnownFileType = file.storyboard; path = Main.storyboard; sourceTree = "<group>"; };
		221F4F9B1E5C0B6C0009FD07 /* ViewController.swift */ = {isa = PBXFileReference; fileEncoding = 4; lastKnownFileType = sourcecode.swift; path = ViewController.swift; sourceTree = "<group>"; };
		9F6048951E5B3CCB00C414C3 /* CHMeetupApp.app */ = {isa = PBXFileReference; explicitFileType = wrapper.application; includeInIndex = 0; path = CHMeetupApp.app; sourceTree = BUILT_PRODUCTS_DIR; };
		9F6048981E5B3CCB00C414C3 /* AppDelegate.swift */ = {isa = PBXFileReference; lastKnownFileType = sourcecode.swift; path = AppDelegate.swift; sourceTree = "<group>"; };
/* End PBXFileReference section */

/* Begin PBXFrameworksBuildPhase section */
		9F6048921E5B3CCB00C414C3 /* Frameworks */ = {
			isa = PBXFrameworksBuildPhase;
			buildActionMask = 2147483647;
			files = (
			);
			runOnlyForDeploymentPostprocessing = 0;
		};
/* End PBXFrameworksBuildPhase section */

/* Begin PBXGroup section */
		221F4F851E5C0B6C0009FD07 /* Resources */ = {
			isa = PBXGroup;
			children = (
				221F4F861E5C0B6C0009FD07 /* Assets */,
				221F4F891E5C0B6C0009FD07 /* Config */,
				221F4F8B1E5C0B6C0009FD07 /* Fonts */,
				221F4F8C1E5C0B6C0009FD07 /* Storyboards */,
			);
			path = Resources;
			sourceTree = "<group>";
		};
		221F4F861E5C0B6C0009FD07 /* Assets */ = {
			isa = PBXGroup;
			children = (
				221F4F871E5C0B6C0009FD07 /* Assets.xcassets */,
				221F4F881E5C0B6C0009FD07 /* Images */,
			);
			path = Assets;
			sourceTree = "<group>";
		};
		221F4F881E5C0B6C0009FD07 /* Images */ = {
			isa = PBXGroup;
			children = (
			);
			path = Images;
			sourceTree = "<group>";
		};
		221F4F891E5C0B6C0009FD07 /* Config */ = {
			isa = PBXGroup;
			children = (
				221F4F8A1E5C0B6C0009FD07 /* Info.plist */,
			);
			path = Config;
			sourceTree = "<group>";
		};
		221F4F8B1E5C0B6C0009FD07 /* Fonts */ = {
			isa = PBXGroup;
			children = (
			);
			path = Fonts;
			sourceTree = "<group>";
		};
		221F4F8C1E5C0B6C0009FD07 /* Storyboards */ = {
			isa = PBXGroup;
			children = (
				035A76B11E5F047000B87501 /* Storyboards.swift */,
				221F4F8D1E5C0B6C0009FD07 /* LaunchScreen.storyboard */,
				221F4F8E1E5C0B6C0009FD07 /* Main.storyboard */,
			);
			path = Storyboards;
			sourceTree = "<group>";
		};
		221F4F8F1E5C0B6C0009FD07 /* Sources */ = {
			isa = PBXGroup;
			children = (
				221F4F901E5C0B6C0009FD07 /* Common */,
				221F4F941E5C0B6C0009FD07 /* Controllers */,
				221F4F951E5C0B6C0009FD07 /* Model */,
				221F4F9A1E5C0B6C0009FD07 /* ViewControllers+Cells */,
			);
			path = Sources;
			sourceTree = "<group>";
		};
		221F4F901E5C0B6C0009FD07 /* Common */ = {
			isa = PBXGroup;
			children = (
				221F4F911E5C0B6C0009FD07 /* Classes */,
				221F4F921E5C0B6C0009FD07 /* Extensions */,
				221F4F931E5C0B6C0009FD07 /* Views */,
			);
			path = Common;
			sourceTree = "<group>";
		};
		221F4F911E5C0B6C0009FD07 /* Classes */ = {
			isa = PBXGroup;
			children = (
			);
			path = Classes;
			sourceTree = "<group>";
		};
		221F4F921E5C0B6C0009FD07 /* Extensions */ = {
			isa = PBXGroup;
			children = (
			);
			path = Extensions;
			sourceTree = "<group>";
		};
		221F4F931E5C0B6C0009FD07 /* Views */ = {
			isa = PBXGroup;
			children = (
			);
			path = Views;
			sourceTree = "<group>";
		};
		221F4F941E5C0B6C0009FD07 /* Controllers */ = {
			isa = PBXGroup;
			children = (
			);
			path = Controllers;
			sourceTree = "<group>";
		};
		221F4F951E5C0B6C0009FD07 /* Model */ = {
			isa = PBXGroup;
			children = (
				221F4F961E5C0B6C0009FD07 /* Entities */,
				221F4F971E5C0B6C0009FD07 /* Helpers */,
				221F4F981E5C0B6C0009FD07 /* PO */,
				221F4F991E5C0B6C0009FD07 /* Runtime */,
			);
			path = Model;
			sourceTree = "<group>";
		};
		221F4F961E5C0B6C0009FD07 /* Entities */ = {
			isa = PBXGroup;
			children = (
			);
			path = Entities;
			sourceTree = "<group>";
		};
		221F4F971E5C0B6C0009FD07 /* Helpers */ = {
			isa = PBXGroup;
			children = (
			);
			path = Helpers;
			sourceTree = "<group>";
		};
		221F4F981E5C0B6C0009FD07 /* PO */ = {
			isa = PBXGroup;
			children = (
			);
			path = PO;
			sourceTree = "<group>";
		};
		221F4F991E5C0B6C0009FD07 /* Runtime */ = {
			isa = PBXGroup;
			children = (
			);
			path = Runtime;
			sourceTree = "<group>";
		};
		221F4F9A1E5C0B6C0009FD07 /* ViewControllers+Cells */ = {
			isa = PBXGroup;
			children = (
				221F4F9B1E5C0B6C0009FD07 /* ViewController.swift */,
			);
			path = "ViewControllers+Cells";
			sourceTree = "<group>";
		};
		9F60488C1E5B3CCB00C414C3 = {
			isa = PBXGroup;
			children = (
				9F6048971E5B3CCB00C414C3 /* CHMeetupApp */,
				9F6048961E5B3CCB00C414C3 /* Products */,
			);
			sourceTree = "<group>";
		};
		9F6048961E5B3CCB00C414C3 /* Products */ = {
			isa = PBXGroup;
			children = (
				9F6048951E5B3CCB00C414C3 /* CHMeetupApp.app */,
			);
			name = Products;
			sourceTree = "<group>";
		};
		9F6048971E5B3CCB00C414C3 /* CHMeetupApp */ = {
			isa = PBXGroup;
			children = (
				9F6048981E5B3CCB00C414C3 /* AppDelegate.swift */,
				221F4F8F1E5C0B6C0009FD07 /* Sources */,
				221F4F851E5C0B6C0009FD07 /* Resources */,
			);
			path = CHMeetupApp;
			sourceTree = "<group>";
		};
/* End PBXGroup section */

/* Begin PBXNativeTarget section */
		9F6048941E5B3CCB00C414C3 /* CHMeetupApp */ = {
			isa = PBXNativeTarget;
			buildConfigurationList = 9F6048A71E5B3CCB00C414C3 /* Build configuration list for PBXNativeTarget "CHMeetupApp" */;
			buildPhases = (
				9F6048911E5B3CCB00C414C3 /* Sources */,
				9F6048921E5B3CCB00C414C3 /* Frameworks */,
				9F6048931E5B3CCB00C414C3 /* Resources */,
				8A3B15DB1E5E37BE008DD430 /* ShellScript */,
				035A76421E5EF46000B87501 /* ShellScript */,
			);
			buildRules = (
			);
			dependencies = (
			);
			name = CHMeetupApp;
			productName = CHMeetupApp;
			productReference = 9F6048951E5B3CCB00C414C3 /* CHMeetupApp.app */;
			productType = "com.apple.product-type.application";
		};
/* End PBXNativeTarget section */

/* Begin PBXProject section */
		9F60488D1E5B3CCB00C414C3 /* Project object */ = {
			isa = PBXProject;
			attributes = {
				LastSwiftUpdateCheck = 0820;
				LastUpgradeCheck = 0820;
				ORGANIZATIONNAME = "CocoaHeads Comunity";
				TargetAttributes = {
					9F6048941E5B3CCB00C414C3 = {
						CreatedOnToolsVersion = 8.2.1;
						ProvisioningStyle = Automatic;
					};
				};
			};
			buildConfigurationList = 9F6048901E5B3CCB00C414C3 /* Build configuration list for PBXProject "CHMeetupApp" */;
			compatibilityVersion = "Xcode 3.2";
			developmentRegion = English;
			hasScannedForEncodings = 0;
			knownRegions = (
				en,
				Base,
			);
			mainGroup = 9F60488C1E5B3CCB00C414C3;
			productRefGroup = 9F6048961E5B3CCB00C414C3 /* Products */;
			projectDirPath = "";
			projectRoot = "";
			targets = (
				9F6048941E5B3CCB00C414C3 /* CHMeetupApp */,
			);
		};
/* End PBXProject section */

/* Begin PBXResourcesBuildPhase section */
		9F6048931E5B3CCB00C414C3 /* Resources */ = {
			isa = PBXResourcesBuildPhase;
			buildActionMask = 2147483647;
			files = (
				221F4F9E1E5C0B6C0009FD07 /* LaunchScreen.storyboard in Resources */,
				221F4F9C1E5C0B6C0009FD07 /* Assets.xcassets in Resources */,
				221F4F9F1E5C0B6C0009FD07 /* Main.storyboard in Resources */,
			);
			runOnlyForDeploymentPostprocessing = 0;
		};
/* End PBXResourcesBuildPhase section */

/* Begin PBXShellScriptBuildPhase section */
		035A76421E5EF46000B87501 /* ShellScript */ = {
			isa = PBXShellScriptBuildPhase;
			buildActionMask = 2147483647;
			files = (
			);
			inputPaths = (
			);
			outputPaths = (
			);
			runOnlyForDeploymentPostprocessing = 0;
			shellPath = /bin/sh;
			shellScript = "echo \"Natalie Generator: Determining if generated Swift file is up-to-date.\"\n\n# Adjust path to \"natalie\" binary\n# NATALIE_PATH=\"$PROJECT_DIR/natalie\"\nNATALIE_PATH=\"/usr/local/bin/natalie\"\n\nif [ -f $NATALIE_PATH ]; then\nBASE_PATH=\"$PROJECT_DIR/$PROJECT_NAME\"\nOUTPUT_PATH=\"$BASE_PATH/Resources/Storyboards/Storyboards.swift\"\n\nif [ ! -e \"$OUTPUT_PATH\" ] || [ -n \"$(find \"$BASE_PATH\" -type f -name \"*.storyboard\" -newer \"$OUTPUT_PATH\" -print -quit)\" ]; then\necho \"Natalie Generator: Generated Swift is out-of-date; re-generating...\"\n\n/usr/bin/chflags nouchg \"$OUTPUT_PATH\"\n\"$NATALIE_PATH\" \"$BASE_PATH\" > \"$OUTPUT_PATH\"\n/usr/bin/chflags uchg \"$OUTPUT_PATH\"\n\necho \"Natalie Generator: Done.\"\nelse\necho \"Natalie Generator: Generated Swift is up-to-date; skipping re-generation.\"\nfi\nfi";
		};
		8A3B15DB1E5E37BE008DD430 /* ShellScript */ = {
			isa = PBXShellScriptBuildPhase;
			buildActionMask = 2147483647;
			files = (
			);
			inputPaths = (
			);
			outputPaths = (
			);
			runOnlyForDeploymentPostprocessing = 0;
			shellPath = /bin/sh;
			shellScript = "if which swiftlint >/dev/null; then\nswiftlint\nelse\necho \"warning: SwiftLint not installed, download from https://github.com/realm/SwiftLint\"\nfi";
		};
/* End PBXShellScriptBuildPhase section */

/* Begin PBXSourcesBuildPhase section */
		9F6048911E5B3CCB00C414C3 /* Sources */ = {
			isa = PBXSourcesBuildPhase;
			buildActionMask = 2147483647;
			files = (
				035A76B21E5F047000B87501 /* Storyboards.swift in Sources */,
				221F4FA01E5C0B6C0009FD07 /* ViewController.swift in Sources */,
				9F6048991E5B3CCB00C414C3 /* AppDelegate.swift in Sources */,
			);
			runOnlyForDeploymentPostprocessing = 0;
		};
/* End PBXSourcesBuildPhase section */

/* Begin XCBuildConfiguration section */
		9F6048A51E5B3CCB00C414C3 /* Debug */ = {
			isa = XCBuildConfiguration;
			buildSettings = {
				ALWAYS_SEARCH_USER_PATHS = NO;
				CLANG_ANALYZER_NONNULL = YES;
				CLANG_CXX_LANGUAGE_STANDARD = "gnu++0x";
				CLANG_CXX_LIBRARY = "libc++";
				CLANG_ENABLE_MODULES = YES;
				CLANG_ENABLE_OBJC_ARC = YES;
				CLANG_WARN_BOOL_CONVERSION = YES;
				CLANG_WARN_CONSTANT_CONVERSION = YES;
				CLANG_WARN_DIRECT_OBJC_ISA_USAGE = YES_ERROR;
				CLANG_WARN_DOCUMENTATION_COMMENTS = YES;
				CLANG_WARN_EMPTY_BODY = YES;
				CLANG_WARN_ENUM_CONVERSION = YES;
				CLANG_WARN_INFINITE_RECURSION = YES;
				CLANG_WARN_INT_CONVERSION = YES;
				CLANG_WARN_OBJC_ROOT_CLASS = YES_ERROR;
				CLANG_WARN_SUSPICIOUS_MOVE = YES;
				CLANG_WARN_UNREACHABLE_CODE = YES;
				CLANG_WARN__DUPLICATE_METHOD_MATCH = YES;
				"CODE_SIGN_IDENTITY[sdk=iphoneos*]" = "iPhone Developer";
				COPY_PHASE_STRIP = NO;
				DEBUG_INFORMATION_FORMAT = dwarf;
				ENABLE_STRICT_OBJC_MSGSEND = YES;
				ENABLE_TESTABILITY = YES;
				GCC_C_LANGUAGE_STANDARD = gnu99;
				GCC_DYNAMIC_NO_PIC = NO;
				GCC_NO_COMMON_BLOCKS = YES;
				GCC_OPTIMIZATION_LEVEL = 0;
				GCC_PREPROCESSOR_DEFINITIONS = (
					"DEBUG=1",
					"$(inherited)",
				);
				GCC_WARN_64_TO_32_BIT_CONVERSION = YES;
				GCC_WARN_ABOUT_RETURN_TYPE = YES_ERROR;
				GCC_WARN_UNDECLARED_SELECTOR = YES;
				GCC_WARN_UNINITIALIZED_AUTOS = YES_AGGRESSIVE;
				GCC_WARN_UNUSED_FUNCTION = YES;
				GCC_WARN_UNUSED_VARIABLE = YES;
				IPHONEOS_DEPLOYMENT_TARGET = 10.2;
				MTL_ENABLE_DEBUG_INFO = YES;
				ONLY_ACTIVE_ARCH = YES;
				SDKROOT = iphoneos;
				SWIFT_ACTIVE_COMPILATION_CONDITIONS = DEBUG;
				SWIFT_OPTIMIZATION_LEVEL = "-Onone";
			};
			name = Debug;
		};
		9F6048A61E5B3CCB00C414C3 /* Release */ = {
			isa = XCBuildConfiguration;
			buildSettings = {
				ALWAYS_SEARCH_USER_PATHS = NO;
				CLANG_ANALYZER_NONNULL = YES;
				CLANG_CXX_LANGUAGE_STANDARD = "gnu++0x";
				CLANG_CXX_LIBRARY = "libc++";
				CLANG_ENABLE_MODULES = YES;
				CLANG_ENABLE_OBJC_ARC = YES;
				CLANG_WARN_BOOL_CONVERSION = YES;
				CLANG_WARN_CONSTANT_CONVERSION = YES;
				CLANG_WARN_DIRECT_OBJC_ISA_USAGE = YES_ERROR;
				CLANG_WARN_DOCUMENTATION_COMMENTS = YES;
				CLANG_WARN_EMPTY_BODY = YES;
				CLANG_WARN_ENUM_CONVERSION = YES;
				CLANG_WARN_INFINITE_RECURSION = YES;
				CLANG_WARN_INT_CONVERSION = YES;
				CLANG_WARN_OBJC_ROOT_CLASS = YES_ERROR;
				CLANG_WARN_SUSPICIOUS_MOVE = YES;
				CLANG_WARN_UNREACHABLE_CODE = YES;
				CLANG_WARN__DUPLICATE_METHOD_MATCH = YES;
				"CODE_SIGN_IDENTITY[sdk=iphoneos*]" = "iPhone Developer";
				COPY_PHASE_STRIP = NO;
				DEBUG_INFORMATION_FORMAT = "dwarf-with-dsym";
				ENABLE_NS_ASSERTIONS = NO;
				ENABLE_STRICT_OBJC_MSGSEND = YES;
				GCC_C_LANGUAGE_STANDARD = gnu99;
				GCC_NO_COMMON_BLOCKS = YES;
				GCC_WARN_64_TO_32_BIT_CONVERSION = YES;
				GCC_WARN_ABOUT_RETURN_TYPE = YES_ERROR;
				GCC_WARN_UNDECLARED_SELECTOR = YES;
				GCC_WARN_UNINITIALIZED_AUTOS = YES_AGGRESSIVE;
				GCC_WARN_UNUSED_FUNCTION = YES;
				GCC_WARN_UNUSED_VARIABLE = YES;
				IPHONEOS_DEPLOYMENT_TARGET = 10.2;
				MTL_ENABLE_DEBUG_INFO = NO;
				SDKROOT = iphoneos;
				SWIFT_OPTIMIZATION_LEVEL = "-Owholemodule";
				VALIDATE_PRODUCT = YES;
			};
			name = Release;
		};
		9F6048A81E5B3CCB00C414C3 /* Debug */ = {
			isa = XCBuildConfiguration;
			buildSettings = {
				ASSETCATALOG_COMPILER_APPICON_NAME = AppIcon;
				INFOPLIST_FILE = "$(SRCROOT)/CHMeetupApp/Resources/Config/Info.plist";
				LD_RUNPATH_SEARCH_PATHS = "$(inherited) @executable_path/Frameworks";
				PRODUCT_BUNDLE_IDENTIFIER = cocoaheads.CHMeetupApp;
				PRODUCT_NAME = "$(TARGET_NAME)";
				SWIFT_VERSION = 3.0;
			};
			name = Debug;
		};
		9F6048A91E5B3CCB00C414C3 /* Release */ = {
			isa = XCBuildConfiguration;
			buildSettings = {
				ASSETCATALOG_COMPILER_APPICON_NAME = AppIcon;
				INFOPLIST_FILE = "$(SRCROOT)/CHMeetupApp/Resources/Config/Info.plist";
				LD_RUNPATH_SEARCH_PATHS = "$(inherited) @executable_path/Frameworks";
				PRODUCT_BUNDLE_IDENTIFIER = cocoaheads.CHMeetupApp;
				PRODUCT_NAME = "$(TARGET_NAME)";
				SWIFT_VERSION = 3.0;
			};
			name = Release;
		};
/* End XCBuildConfiguration section */

/* Begin XCConfigurationList section */
		9F6048901E5B3CCB00C414C3 /* Build configuration list for PBXProject "CHMeetupApp" */ = {
			isa = XCConfigurationList;
			buildConfigurations = (
				9F6048A51E5B3CCB00C414C3 /* Debug */,
				9F6048A61E5B3CCB00C414C3 /* Release */,
			);
			defaultConfigurationIsVisible = 0;
			defaultConfigurationName = Release;
		};
		9F6048A71E5B3CCB00C414C3 /* Build configuration list for PBXNativeTarget "CHMeetupApp" */ = {
			isa = XCConfigurationList;
			buildConfigurations = (
				9F6048A81E5B3CCB00C414C3 /* Debug */,
				9F6048A91E5B3CCB00C414C3 /* Release */,
			);
			defaultConfigurationIsVisible = 0;
			defaultConfigurationName = Release;
		};
/* End XCConfigurationList section */
	};
	rootObject = 9F60488D1E5B3CCB00C414C3 /* Project object */;
}
