// !$*UTF8*$!
{
	archiveVersion = 1;
	classes = {
	};
	objectVersion = 46;
	objects = {

/* Begin PBXBuildFile section */
		92281BEE1E7E85A500D75135 /* StyleAttributes.swift in Sources */ = {isa = PBXBuildFile; fileRef = 92281BED1E7E85A500D75135 /* StyleAttributes.swift */; };
		927134B61E7DF51F00F16322 /* ConsoleController.swift in Sources */ = {isa = PBXBuildFile; fileRef = 927134AC1E7DF51F00F16322 /* ConsoleController.swift */; };
		927134B71E7DF51F00F16322 /* FileController.swift in Sources */ = {isa = PBXBuildFile; fileRef = 927134AD1E7DF51F00F16322 /* FileController.swift */; };
		927134B81E7DF51F00F16322 /* String+Markdown.swift in Sources */ = {isa = PBXBuildFile; fileRef = 927134AF1E7DF51F00F16322 /* String+Markdown.swift */; };
		927134B91E7DF51F00F16322 /* TemplateGenerator.swift in Sources */ = {isa = PBXBuildFile; fileRef = 927134B11E7DF51F00F16322 /* TemplateGenerator.swift */; };
		927134BB1E7DF51F00F16322 /* Color.swift in Sources */ = {isa = PBXBuildFile; fileRef = 927134B41E7DF51F00F16322 /* Color.swift */; };
		927134BD1E7DF69000F16322 /* Font.swift in Sources */ = {isa = PBXBuildFile; fileRef = 927134BC1E7DF69000F16322 /* Font.swift */; };
		927134BF1E7DF8AF00F16322 /* ColorsTemplate.swift in Sources */ = {isa = PBXBuildFile; fileRef = 927134BE1E7DF8AF00F16322 /* ColorsTemplate.swift */; };
		927134C11E7DF8B900F16322 /* FontsTemplate.swift in Sources */ = {isa = PBXBuildFile; fileRef = 927134C01E7DF8B900F16322 /* FontsTemplate.swift */; };
		927134C31E7DF96100F16322 /* StylesTemplate.swift in Sources */ = {isa = PBXBuildFile; fileRef = 927134C21E7DF96100F16322 /* StylesTemplate.swift */; };
		927134C81E7E03A800F16322 /* TemplateModelsFactory.swift in Sources */ = {isa = PBXBuildFile; fileRef = 927134C71E7E03A800F16322 /* TemplateModelsFactory.swift */; };
		92E9DA591E72111600BCB658 /* main.swift in Sources */ = {isa = PBXBuildFile; fileRef = 92E9DA581E72111600BCB658 /* main.swift */; };
/* End PBXBuildFile section */

/* Begin PBXCopyFilesBuildPhase section */
		92E9DA531E72111600BCB658 /* CopyFiles */ = {
			isa = PBXCopyFilesBuildPhase;
			buildActionMask = 2147483647;
			dstPath = /usr/share/man/man1/;
			dstSubfolderSpec = 0;
			files = (
			);
			runOnlyForDeploymentPostprocessing = 1;
		};
/* End PBXCopyFilesBuildPhase section */

/* Begin PBXFileReference section */
		92281BED1E7E85A500D75135 /* StyleAttributes.swift */ = {isa = PBXFileReference; fileEncoding = 4; lastKnownFileType = sourcecode.swift; path = StyleAttributes.swift; sourceTree = "<group>"; };
		927134AC1E7DF51F00F16322 /* ConsoleController.swift */ = {isa = PBXFileReference; fileEncoding = 4; lastKnownFileType = sourcecode.swift; path = ConsoleController.swift; sourceTree = "<group>"; };
		927134AD1E7DF51F00F16322 /* FileController.swift */ = {isa = PBXFileReference; fileEncoding = 4; lastKnownFileType = sourcecode.swift; path = FileController.swift; sourceTree = "<group>"; };
		927134AF1E7DF51F00F16322 /* String+Markdown.swift */ = {isa = PBXFileReference; fileEncoding = 4; lastKnownFileType = sourcecode.swift; path = "String+Markdown.swift"; sourceTree = "<group>"; };
		927134B11E7DF51F00F16322 /* TemplateGenerator.swift */ = {isa = PBXFileReference; fileEncoding = 4; lastKnownFileType = sourcecode.swift; path = TemplateGenerator.swift; sourceTree = "<group>"; };
		927134B41E7DF51F00F16322 /* Color.swift */ = {isa = PBXFileReference; fileEncoding = 4; lastKnownFileType = sourcecode.swift; path = Color.swift; sourceTree = "<group>"; };
		927134BC1E7DF69000F16322 /* Font.swift */ = {isa = PBXFileReference; fileEncoding = 4; lastKnownFileType = sourcecode.swift; path = Font.swift; sourceTree = "<group>"; };
		927134BE1E7DF8AF00F16322 /* ColorsTemplate.swift */ = {isa = PBXFileReference; fileEncoding = 4; lastKnownFileType = sourcecode.swift; path = ColorsTemplate.swift; sourceTree = "<group>"; };
		927134C01E7DF8B900F16322 /* FontsTemplate.swift */ = {isa = PBXFileReference; fileEncoding = 4; lastKnownFileType = sourcecode.swift; path = FontsTemplate.swift; sourceTree = "<group>"; };
		927134C21E7DF96100F16322 /* StylesTemplate.swift */ = {isa = PBXFileReference; fileEncoding = 4; lastKnownFileType = sourcecode.swift; path = StylesTemplate.swift; sourceTree = "<group>"; };
		927134C41E7DFD0300F16322 /* InputParameters.json */ = {isa = PBXFileReference; fileEncoding = 4; lastKnownFileType = text.json; path = InputParameters.json; sourceTree = "<group>"; };
		927134C71E7E03A800F16322 /* TemplateModelsFactory.swift */ = {isa = PBXFileReference; fileEncoding = 4; lastKnownFileType = sourcecode.swift; path = TemplateModelsFactory.swift; sourceTree = "<group>"; };
		92E9DA551E72111600BCB658 /* StyleGenerator */ = {isa = PBXFileReference; explicitFileType = "compiled.mach-o.executable"; includeInIndex = 0; path = StyleGenerator; sourceTree = BUILT_PRODUCTS_DIR; };
		92E9DA581E72111600BCB658 /* main.swift */ = {isa = PBXFileReference; lastKnownFileType = sourcecode.swift; path = main.swift; sourceTree = "<group>"; };
/* End PBXFileReference section */

/* Begin PBXFrameworksBuildPhase section */
		92E9DA521E72111600BCB658 /* Frameworks */ = {
			isa = PBXFrameworksBuildPhase;
			buildActionMask = 2147483647;
			files = (
			);
			runOnlyForDeploymentPostprocessing = 0;
		};
/* End PBXFrameworksBuildPhase section */

/* Begin PBXGroup section */
		927134AA1E7DF51F00F16322 /* Core */ = {
			isa = PBXGroup;
			children = (
				927134AB1E7DF51F00F16322 /* Controllers */,
				927134AE1E7DF51F00F16322 /* Extensions */,
			);
			path = Core;
			sourceTree = "<group>";
		};
		927134AB1E7DF51F00F16322 /* Controllers */ = {
			isa = PBXGroup;
			children = (
				927134AC1E7DF51F00F16322 /* ConsoleController.swift */,
				927134AD1E7DF51F00F16322 /* FileController.swift */,
			);
			path = Controllers;
			sourceTree = "<group>";
		};
		927134AE1E7DF51F00F16322 /* Extensions */ = {
			isa = PBXGroup;
			children = (
				927134AF1E7DF51F00F16322 /* String+Markdown.swift */,
			);
			path = Extensions;
			sourceTree = "<group>";
		};
		927134B01E7DF51F00F16322 /* Generation */ = {
			isa = PBXGroup;
			children = (
				927134B11E7DF51F00F16322 /* TemplateGenerator.swift */,
				927134C71E7E03A800F16322 /* TemplateModelsFactory.swift */,
				927134B21E7DF51F00F16322 /* Models */,
			);
			path = Generation;
			sourceTree = "<group>";
		};
		927134B21E7DF51F00F16322 /* Models */ = {
			isa = PBXGroup;
			children = (
				927134B41E7DF51F00F16322 /* Color.swift */,
				927134BC1E7DF69000F16322 /* Font.swift */,
				92281BED1E7E85A500D75135 /* StyleAttributes.swift */,
				927134C41E7DFD0300F16322 /* InputParameters.json */,
			);
			path = Models;
			sourceTree = "<group>";
		};
		927134B51E7DF51F00F16322 /* Templates */ = {
			isa = PBXGroup;
			children = (
				927134BE1E7DF8AF00F16322 /* ColorsTemplate.swift */,
				927134C01E7DF8B900F16322 /* FontsTemplate.swift */,
				927134C21E7DF96100F16322 /* StylesTemplate.swift */,
			);
			path = Templates;
			sourceTree = "<group>";
		};
		92E9DA4C1E72111600BCB658 = {
			isa = PBXGroup;
			children = (
				92E9DA571E72111600BCB658 /* StyleGenerator */,
				92E9DA561E72111600BCB658 /* Products */,
			);
			sourceTree = "<group>";
		};
		92E9DA561E72111600BCB658 /* Products */ = {
			isa = PBXGroup;
			children = (
				92E9DA551E72111600BCB658 /* StyleGenerator */,
			);
			name = Products;
			sourceTree = "<group>";
		};
		92E9DA571E72111600BCB658 /* StyleGenerator */ = {
			isa = PBXGroup;
			children = (
				92E9DA581E72111600BCB658 /* main.swift */,
				927134B51E7DF51F00F16322 /* Templates */,
				927134B01E7DF51F00F16322 /* Generation */,
				927134AA1E7DF51F00F16322 /* Core */,
			);
			path = StyleGenerator;
			sourceTree = "<group>";
		};
/* End PBXGroup section */

/* Begin PBXNativeTarget section */
		92E9DA541E72111600BCB658 /* StyleGenerator */ = {
			isa = PBXNativeTarget;
			buildConfigurationList = 92E9DA5C1E72111600BCB658 /* Build configuration list for PBXNativeTarget "StyleGenerator" */;
			buildPhases = (
				92E9DA511E72111600BCB658 /* Sources */,
				92E9DA521E72111600BCB658 /* Frameworks */,
				92E9DA531E72111600BCB658 /* CopyFiles */,
				923637E11E77420700A69C06 /* Swiftlint */,
				92A4F7191E799F9D00ECA64C /* Script for Testing */,
			);
			buildRules = (
			);
			dependencies = (
			);
			name = StyleGenerator;
			productName = StyleGenerator;
			productReference = 92E9DA551E72111600BCB658 /* StyleGenerator */;
			productType = "com.apple.product-type.tool";
		};
/* End PBXNativeTarget section */

/* Begin PBXProject section */
		92E9DA4D1E72111600BCB658 /* Project object */ = {
			isa = PBXProject;
			attributes = {
				LastSwiftUpdateCheck = 0820;
				LastUpgradeCheck = 0820;
				ORGANIZATIONNAME = DenRee;
				TargetAttributes = {
					92E9DA541E72111600BCB658 = {
						CreatedOnToolsVersion = 8.2.1;
						DevelopmentTeam = BLXMTR8JEY;
						ProvisioningStyle = Automatic;
					};
				};
			};
			buildConfigurationList = 92E9DA501E72111600BCB658 /* Build configuration list for PBXProject "StyleGenerator" */;
			compatibilityVersion = "Xcode 3.2";
			developmentRegion = English;
			hasScannedForEncodings = 0;
			knownRegions = (
				en,
			);
			mainGroup = 92E9DA4C1E72111600BCB658;
			productRefGroup = 92E9DA561E72111600BCB658 /* Products */;
			projectDirPath = "";
			projectRoot = "";
			targets = (
				92E9DA541E72111600BCB658 /* StyleGenerator */,
			);
		};
/* End PBXProject section */

/* Begin PBXShellScriptBuildPhase section */
		923637E11E77420700A69C06 /* Swiftlint */ = {
			isa = PBXShellScriptBuildPhase;
			buildActionMask = 2147483647;
			files = (
			);
			inputPaths = (
			);
			name = Swiftlint;
			outputPaths = (
			);
			runOnlyForDeploymentPostprocessing = 0;
			shellPath = /bin/sh;
			shellScript = "if which swiftlint >/dev/null; then\nswiftlint\nelse\necho \"warning: SwiftLint not installed, download from https://github.com/realm/SwiftLint\"\nfi";
		};
		92A4F7191E799F9D00ECA64C /* Script for Testing */ = {
			isa = PBXShellScriptBuildPhase;
			buildActionMask = 2147483647;
			files = (
			);
			inputPaths = (
			);
			name = "Script for Testing";
			outputPaths = (
			);
			runOnlyForDeploymentPostprocessing = 0;
			shellPath = /bin/sh;
			shellScript = "STYLE_GEN_PATH=\"$PROJECT_DIR/StyleGenerator/ScriptTesting/StyleGenerator\"\nSTYLES_JSON_PATH=\"$PROJECT_DIR/StyleGenerator/ScriptTesting/NewStyles.json\"\nCOLORS_STYLE_PATH=\"$PROJECT_DIR/StyleGenerator/ScriptTesting/AppColors.swift\"\nFONTS_STYLE_PATH=\"$PROJECT_DIR/StyleGenerator/ScriptTesting/AppFonts.swift\"\nSTYLES_STYLE_PATH=\"$PROJECT_DIR/StyleGenerator/ScriptTesting/Styles.swift\"\n\n#Generate AppColors.swift\n\"$STYLE_GEN_PATH\" colors \"$STYLES_JSON_PATH\" \"$COLORS_STYLE_PATH\"\n#Generate AppFonts.swift\n\"$STYLE_GEN_PATH\" fonts \"$STYLES_JSON_PATH\" \"$FONTS_STYLE_PATH\"\n#Generate Styles.swift\n\"$STYLE_GEN_PATH\" styles \"$STYLES_JSON_PATH\" \"$STYLES_STYLE_PATH\"";
		};
/* End PBXShellScriptBuildPhase section */

/* Begin PBXSourcesBuildPhase section */
		92E9DA511E72111600BCB658 /* Sources */ = {
			isa = PBXSourcesBuildPhase;
			buildActionMask = 2147483647;
			files = (
				927134BD1E7DF69000F16322 /* Font.swift in Sources */,
				927134C81E7E03A800F16322 /* TemplateModelsFactory.swift in Sources */,
				927134C31E7DF96100F16322 /* StylesTemplate.swift in Sources */,
				927134B71E7DF51F00F16322 /* FileController.swift in Sources */,
				92281BEE1E7E85A500D75135 /* StyleAttributes.swift in Sources */,
				927134B81E7DF51F00F16322 /* String+Markdown.swift in Sources */,
				92E9DA591E72111600BCB658 /* main.swift in Sources */,
				927134C11E7DF8B900F16322 /* FontsTemplate.swift in Sources */,
				927134BF1E7DF8AF00F16322 /* ColorsTemplate.swift in Sources */,
				927134B61E7DF51F00F16322 /* ConsoleController.swift in Sources */,
				927134B91E7DF51F00F16322 /* TemplateGenerator.swift in Sources */,
				927134BB1E7DF51F00F16322 /* Color.swift in Sources */,
			);
			runOnlyForDeploymentPostprocessing = 0;
		};
/* End PBXSourcesBuildPhase section */

/* Begin XCBuildConfiguration section */
		92E9DA5A1E72111600BCB658 /* Debug */ = {
			isa = XCBuildConfiguration;
			buildSettings = {
				ALWAYS_SEARCH_USER_PATHS = NO;
				CLANG_ANALYZER_NONNULL = YES;
				CLANG_CXX_LANGUAGE_STANDARD = "gnu++0x";
				CLANG_CXX_LIBRARY = "libc++";
				CLANG_ENABLE_MODULES = YES;
				CLANG_ENABLE_OBJC_ARC = YES;
				CLANG_WARN_BOOL_CONVERSION = YES;
				CLANG_WARN_CONSTANT_CONVERSION = YES;
				CLANG_WARN_DIRECT_OBJC_ISA_USAGE = YES_ERROR;
				CLANG_WARN_DOCUMENTATION_COMMENTS = YES;
				CLANG_WARN_EMPTY_BODY = YES;
				CLANG_WARN_ENUM_CONVERSION = YES;
				CLANG_WARN_INFINITE_RECURSION = YES;
				CLANG_WARN_INT_CONVERSION = YES;
				CLANG_WARN_OBJC_ROOT_CLASS = YES_ERROR;
				CLANG_WARN_SUSPICIOUS_MOVE = YES;
				CLANG_WARN_UNREACHABLE_CODE = YES;
				CLANG_WARN__DUPLICATE_METHOD_MATCH = YES;
				CODE_SIGN_IDENTITY = "-";
				COPY_PHASE_STRIP = NO;
				DEBUG_INFORMATION_FORMAT = dwarf;
				ENABLE_STRICT_OBJC_MSGSEND = YES;
				ENABLE_TESTABILITY = YES;
				GCC_C_LANGUAGE_STANDARD = gnu99;
				GCC_DYNAMIC_NO_PIC = NO;
				GCC_NO_COMMON_BLOCKS = YES;
				GCC_OPTIMIZATION_LEVEL = 0;
				GCC_PREPROCESSOR_DEFINITIONS = (
					"DEBUG=1",
					"$(inherited)",
				);
				GCC_WARN_64_TO_32_BIT_CONVERSION = YES;
				GCC_WARN_ABOUT_RETURN_TYPE = YES_ERROR;
				GCC_WARN_UNDECLARED_SELECTOR = YES;
				GCC_WARN_UNINITIALIZED_AUTOS = YES_AGGRESSIVE;
				GCC_WARN_UNUSED_FUNCTION = YES;
				GCC_WARN_UNUSED_VARIABLE = YES;
				MACOSX_DEPLOYMENT_TARGET = 10.11;
				MTL_ENABLE_DEBUG_INFO = YES;
				ONLY_ACTIVE_ARCH = YES;
				SDKROOT = macosx;
				SWIFT_OPTIMIZATION_LEVEL = "-Onone";
			};
			name = Debug;
		};
		92E9DA5B1E72111600BCB658 /* Release */ = {
			isa = XCBuildConfiguration;
			buildSettings = {
				ALWAYS_SEARCH_USER_PATHS = NO;
				CLANG_ANALYZER_NONNULL = YES;
				CLANG_CXX_LANGUAGE_STANDARD = "gnu++0x";
				CLANG_CXX_LIBRARY = "libc++";
				CLANG_ENABLE_MODULES = YES;
				CLANG_ENABLE_OBJC_ARC = YES;
				CLANG_WARN_BOOL_CONVERSION = YES;
				CLANG_WARN_CONSTANT_CONVERSION = YES;
				CLANG_WARN_DIRECT_OBJC_ISA_USAGE = YES_ERROR;
				CLANG_WARN_DOCUMENTATION_COMMENTS = YES;
				CLANG_WARN_EMPTY_BODY = YES;
				CLANG_WARN_ENUM_CONVERSION = YES;
				CLANG_WARN_INFINITE_RECURSION = YES;
				CLANG_WARN_INT_CONVERSION = YES;
				CLANG_WARN_OBJC_ROOT_CLASS = YES_ERROR;
				CLANG_WARN_SUSPICIOUS_MOVE = YES;
				CLANG_WARN_UNREACHABLE_CODE = YES;
				CLANG_WARN__DUPLICATE_METHOD_MATCH = YES;
				CODE_SIGN_IDENTITY = "-";
				COPY_PHASE_STRIP = NO;
				DEBUG_INFORMATION_FORMAT = "dwarf-with-dsym";
				ENABLE_NS_ASSERTIONS = NO;
				ENABLE_STRICT_OBJC_MSGSEND = YES;
				GCC_C_LANGUAGE_STANDARD = gnu99;
				GCC_NO_COMMON_BLOCKS = YES;
				GCC_WARN_64_TO_32_BIT_CONVERSION = YES;
				GCC_WARN_ABOUT_RETURN_TYPE = YES_ERROR;
				GCC_WARN_UNDECLARED_SELECTOR = YES;
				GCC_WARN_UNINITIALIZED_AUTOS = YES_AGGRESSIVE;
				GCC_WARN_UNUSED_FUNCTION = YES;
				GCC_WARN_UNUSED_VARIABLE = YES;
				MACOSX_DEPLOYMENT_TARGET = 10.11;
				MTL_ENABLE_DEBUG_INFO = NO;
				SDKROOT = macosx;
			};
			name = Release;
		};
		92E9DA5D1E72111600BCB658 /* Debug */ = {
			isa = XCBuildConfiguration;
			buildSettings = {
				DEVELOPMENT_TEAM = BLXMTR8JEY;
				PRODUCT_NAME = "$(TARGET_NAME)";
				SWIFT_VERSION = 3.0;
			};
			name = Debug;
		};
		92E9DA5E1E72111600BCB658 /* Release */ = {
			isa = XCBuildConfiguration;
			buildSettings = {
				DEVELOPMENT_TEAM = BLXMTR8JEY;
				PRODUCT_NAME = "$(TARGET_NAME)";
				SWIFT_VERSION = 3.0;
			};
			name = Release;
		};
/* End XCBuildConfiguration section */

/* Begin XCConfigurationList section */
		92E9DA501E72111600BCB658 /* Build configuration list for PBXProject "StyleGenerator" */ = {
			isa = XCConfigurationList;
			buildConfigurations = (
				92E9DA5A1E72111600BCB658 /* Debug */,
				92E9DA5B1E72111600BCB658 /* Release */,
			);
			defaultConfigurationIsVisible = 0;
			defaultConfigurationName = Release;
		};
		92E9DA5C1E72111600BCB658 /* Build configuration list for PBXNativeTarget "StyleGenerator" */ = {
			isa = XCConfigurationList;
			buildConfigurations = (
				92E9DA5D1E72111600BCB658 /* Debug */,
				92E9DA5E1E72111600BCB658 /* Release */,
			);
			defaultConfigurationIsVisible = 0;
			defaultConfigurationName = Release;
		};
/* End XCConfigurationList section */
	};
	rootObject = 92E9DA4D1E72111600BCB658 /* Project object */;
}
